{
  "version": 4,
  "terraform_version": "0.13.5",
  "serial": 454,
  "lineage": "8eeb4fd9-d13a-9a20-59b5-26b63c21c728",
  "outputs": {
    "cluster_endpoint": {
      "value": "https://EEFEAECE0F7CD2FBE5F25F8314DE731E.gr7.eu-west-1.eks.amazonaws.com",
      "type": "string"
    },
    "cluster_id": {
      "value": "training-eks-xEQVsRBO",
      "type": "string"
    },
    "cluster_name": {
      "value": "training-eks-xEQVsRBO",
      "type": "string"
    },
    "cluster_security_group_id": {
      "value": "sg-02d7142494f5371b4",
      "type": "string"
    },
    "config_map_aws_auth": {
      "value": [
        {
          "binary_data": null,
          "data": {
            "mapAccounts": "[]\n",
            "mapRoles": "- \"groups\":\n  - \"system:bootstrappers\"\n  - \"system:nodes\"\n  \"rolearn\": \"arn:aws:iam::195185165412:role/training-eks-xEQVsRBO2021010722080183790000000c\"\n  \"username\": \"system:node:{{EC2PrivateDNSName}}\"\n",
            "mapUsers": "[]\n"
          },
          "id": "kube-system/aws-auth",
          "metadata": [
            {
              "annotations": null,
              "generate_name": "",
              "generation": 0,
              "labels": {
                "app.kubernetes.io/managed-by": "Terraform",
                "terraform.io/module": "terraform-aws-modules.eks.aws"
              },
              "name": "aws-auth",
              "namespace": "kube-system",
              "resource_version": "1188",
              "self_link": "/api/v1/namespaces/kube-system/configmaps/aws-auth",
              "uid": "1ef7003c-3fe2-4226-9d0f-df9e0ce1769e"
            }
          ]
        }
      ],
      "type": [
        "tuple",
        [
          [
            "object",
            {
              "binary_data": [
                "map",
                "string"
              ],
              "data": [
                "map",
                "string"
              ],
              "id": "string",
              "metadata": [
                "list",
                [
                  "object",
                  {
                    "annotations": [
                      "map",
                      "string"
                    ],
                    "generate_name": "string",
                    "generation": "number",
                    "labels": [
                      "map",
                      "string"
                    ],
                    "name": "string",
                    "namespace": "string",
                    "resource_version": "string",
                    "self_link": "string",
                    "uid": "string"
                  }
                ]
              ]
            }
          ]
        ]
      ]
    },
    "kubectl_config": {
      "value": "apiVersion: v1\npreferences: {}\nkind: Config\n\nclusters:\n- cluster:\n    server: https://EEFEAECE0F7CD2FBE5F25F8314DE731E.gr7.eu-west-1.eks.amazonaws.com\n    certificate-authority-data: LS0tLS1CRUdJTiBDRVJUSUZJQ0FURS0tLS0tCk1JSUN5RENDQWJDZ0F3SUJBZ0lCQURBTkJna3Foa2lHOXcwQkFRc0ZBREFWTVJNd0VRWURWUVFERXdwcmRXSmwKY201bGRHVnpNQjRYRFRJeE1ERXdOekl5TURReE5sb1hEVE14TURFd05USXlNRFF4Tmxvd0ZURVRNQkVHQTFVRQpBeE1LYTNWaVpYSnVaWFJsY3pDQ0FTSXdEUVlKS29aSWh2Y05BUUVCQlFBRGdnRVBBRENDQVFvQ2dnRUJBTFRzCllnQUVYMmVRSk5DRGFSak1BaUpkR2FRaHFFZy9UVXUxNS9xS011SnFENzdVUEUzdW4yeFNqelNFR3dJVG9Eb1YKWFlRWXhDbW0rT1c1N1JCRkFabnAydTRva2hBZTdpRndjbmt3TFZiTWNlRHF6WGRGbE9kR2N6Z1E4NDhvN29rWApzckFQRDBUeTNuZGRSajFacHo2K1g1N0xPUUZ6b3FPa2J4bEdGWkNpNFpxbzFPTjRvczlTMVg5eVRBVU1ydHc1ClRiV1pVQzhHakR4TGVacEZUdnVLK3RjM0RxcnpNNHJOMkgvRkJkbzl0dm9NbTdOQzhOSUZQTVB1Nmc3dVEyTXcKZTVxWVNqNVpHZFJpcXM3bXhrQlgzdnlleXZDWVRVUDJmeXdpUnBCN09SbHpzMUxYa2xTMDloT3M0VW40aUQ4MQpOYzUvdU5CL1FCQkJQbnRCTnBNQ0F3RUFBYU1qTUNFd0RnWURWUjBQQVFIL0JBUURBZ0trTUE4R0ExVWRFd0VCCi93UUZNQU1CQWY4d0RRWUpLb1pJaHZjTkFRRUxCUUFEZ2dFQkFJUno5ZE1ZZjQ5WHV0MFpTUjBORlF5SW8rUzkKUlFDbEtpQS9HNmQwNlJhMUFOQzNrTFFuT2ZGTEVYQTlpcE0yODlvSUNDWE5nQzdJV1ErM2MvZElDd2NCT1ZXeApnMGNUaEtMZWV2eitmanl2ckhKMVdzVEVnaGs5UHhtUTh6ZkZxblVtNitmbzhKUHd2eklZd0NIQ0FJNy9VQnE2CmUybEFsSlVjcHhEeWVzWTZiNlJXUndDL3pOV25jRHJiNWZuT2xkeGdqYXlQVTdTaDBxN0pYMmpWYzZLdTlPV2cKTW1QZi9Yb1ptZUNjSlB3TEQ4cDkyYzQ4SHkzMTdMUEdUK0lKNjZ1WU9SbTJ6S3lTWkpIVVFPSjZvR2k2dGdwNgpVQXBGRVlEOUUyQU9nTDRPSXVVRUErQVdVQTZ5SEpmeCtEakFzSVdNUTRBWWtzbkIrRzVRZndWaFdiQT0KLS0tLS1FTkQgQ0VSVElGSUNBVEUtLS0tLQo=\n  name: eks_training-eks-xEQVsRBO\n\ncontexts:\n- context:\n    cluster: eks_training-eks-xEQVsRBO\n    user: eks_training-eks-xEQVsRBO\n  name: eks_training-eks-xEQVsRBO\n\ncurrent-context: eks_training-eks-xEQVsRBO\n\nusers:\n- name: eks_training-eks-xEQVsRBO\n  user:\n    exec:\n      apiVersion: client.authentication.k8s.io/v1alpha1\n      command: aws-iam-authenticator\n      args:\n        - \"token\"\n        - \"-i\"\n        - \"training-eks-xEQVsRBO\"\n",
      "type": "string"
    },
    "region": {
      "value": "eu-west-1",
      "type": "string"
    }
  },
  "resources": [
    {
      "mode": "data",
      "type": "aws_availability_zones",
      "name": "available",
      "provider": "provider[\"registry.terraform.io/hashicorp/aws\"]",
      "instances": [
        {
          "schema_version": 0,
          "attributes": {
            "all_availability_zones": null,
            "exclude_names": null,
            "exclude_zone_ids": null,
            "filter": null,
            "group_names": [
              "eu-west-1"
            ],
            "id": "eu-west-1",
            "names": [
              "eu-west-1a",
              "eu-west-1b",
              "eu-west-1c"
            ],
            "state": null,
            "zone_ids": [
              "euw1-az1",
              "euw1-az2",
              "euw1-az3"
            ]
          }
        }
      ]
    },
    {
      "mode": "data",
      "type": "aws_eks_cluster",
      "name": "cluster",
      "provider": "provider[\"registry.terraform.io/hashicorp/aws\"]",
      "instances": [
        {
          "schema_version": 0,
          "attributes": {
            "arn": "arn:aws:eks:eu-west-1:195185165412:cluster/training-eks-xEQVsRBO",
            "certificate_authority": [
              {
                "data": "LS0tLS1CRUdJTiBDRVJUSUZJQ0FURS0tLS0tCk1JSUN5RENDQWJDZ0F3SUJBZ0lCQURBTkJna3Foa2lHOXcwQkFRc0ZBREFWTVJNd0VRWURWUVFERXdwcmRXSmwKY201bGRHVnpNQjRYRFRJeE1ERXdOekl5TURReE5sb1hEVE14TURFd05USXlNRFF4Tmxvd0ZURVRNQkVHQTFVRQpBeE1LYTNWaVpYSnVaWFJsY3pDQ0FTSXdEUVlKS29aSWh2Y05BUUVCQlFBRGdnRVBBRENDQVFvQ2dnRUJBTFRzCllnQUVYMmVRSk5DRGFSak1BaUpkR2FRaHFFZy9UVXUxNS9xS011SnFENzdVUEUzdW4yeFNqelNFR3dJVG9Eb1YKWFlRWXhDbW0rT1c1N1JCRkFabnAydTRva2hBZTdpRndjbmt3TFZiTWNlRHF6WGRGbE9kR2N6Z1E4NDhvN29rWApzckFQRDBUeTNuZGRSajFacHo2K1g1N0xPUUZ6b3FPa2J4bEdGWkNpNFpxbzFPTjRvczlTMVg5eVRBVU1ydHc1ClRiV1pVQzhHakR4TGVacEZUdnVLK3RjM0RxcnpNNHJOMkgvRkJkbzl0dm9NbTdOQzhOSUZQTVB1Nmc3dVEyTXcKZTVxWVNqNVpHZFJpcXM3bXhrQlgzdnlleXZDWVRVUDJmeXdpUnBCN09SbHpzMUxYa2xTMDloT3M0VW40aUQ4MQpOYzUvdU5CL1FCQkJQbnRCTnBNQ0F3RUFBYU1qTUNFd0RnWURWUjBQQVFIL0JBUURBZ0trTUE4R0ExVWRFd0VCCi93UUZNQU1CQWY4d0RRWUpLb1pJaHZjTkFRRUxCUUFEZ2dFQkFJUno5ZE1ZZjQ5WHV0MFpTUjBORlF5SW8rUzkKUlFDbEtpQS9HNmQwNlJhMUFOQzNrTFFuT2ZGTEVYQTlpcE0yODlvSUNDWE5nQzdJV1ErM2MvZElDd2NCT1ZXeApnMGNUaEtMZWV2eitmanl2ckhKMVdzVEVnaGs5UHhtUTh6ZkZxblVtNitmbzhKUHd2eklZd0NIQ0FJNy9VQnE2CmUybEFsSlVjcHhEeWVzWTZiNlJXUndDL3pOV25jRHJiNWZuT2xkeGdqYXlQVTdTaDBxN0pYMmpWYzZLdTlPV2cKTW1QZi9Yb1ptZUNjSlB3TEQ4cDkyYzQ4SHkzMTdMUEdUK0lKNjZ1WU9SbTJ6S3lTWkpIVVFPSjZvR2k2dGdwNgpVQXBGRVlEOUUyQU9nTDRPSXVVRUErQVdVQTZ5SEpmeCtEakFzSVdNUTRBWWtzbkIrRzVRZndWaFdiQT0KLS0tLS1FTkQgQ0VSVElGSUNBVEUtLS0tLQo="
              }
            ],
            "created_at": "2021-01-07 21:55:51.664 +0000 UTC",
            "enabled_cluster_log_types": [],
            "endpoint": "https://EEFEAECE0F7CD2FBE5F25F8314DE731E.gr7.eu-west-1.eks.amazonaws.com",
            "id": "training-eks-xEQVsRBO",
            "identity": [
              {
                "oidc": [
                  {
                    "issuer": "https://oidc.eks.eu-west-1.amazonaws.com/id/EEFEAECE0F7CD2FBE5F25F8314DE731E"
                  }
                ]
              }
            ],
            "kubernetes_network_config": [
              {
                "service_ipv4_cidr": "172.20.0.0/16"
              }
            ],
            "name": "training-eks-xEQVsRBO",
            "platform_version": "eks.3",
            "role_arn": "arn:aws:iam::195185165412:role/training-eks-xEQVsRBO20210107215532906900000002",
            "status": "ACTIVE",
            "tags": {
              "Environment": "training",
              "GithubOrg": "terraform-aws-modules",
              "GithubRepo": "terraform-aws-eks"
            },
            "version": "1.18",
            "vpc_config": [
              {
                "cluster_security_group_id": "sg-0f20047498d3b35b8",
                "endpoint_private_access": false,
                "endpoint_public_access": true,
                "public_access_cidrs": [
                  "0.0.0.0/0"
                ],
                "security_group_ids": [
                  "sg-02d7142494f5371b4"
                ],
                "subnet_ids": [
                  "subnet-00ca9e1c4f3d5f91b",
                  "subnet-0bf4e97d43366a3c0",
                  "subnet-0f1f71b912aec6dca"
                ],
                "vpc_id": "vpc-0ff51ad219edf210f"
              }
            ]
          }
        }
      ]
    },
    {
      "mode": "data",
      "type": "aws_eks_cluster_auth",
      "name": "cluster",
      "provider": "provider[\"registry.terraform.io/hashicorp/aws\"]",
      "instances": [
        {
          "schema_version": 0,
          "attributes": {
            "id": "training-eks-xEQVsRBO",
            "name": "training-eks-xEQVsRBO",
            "token": "k8s-aws-v1.aHR0cHM6Ly9zdHMuYW1hem9uYXdzLmNvbS8_QWN0aW9uPUdldENhbGxlcklkZW50aXR5JlZlcnNpb249MjAxMS0wNi0xNSZYLUFtei1BbGdvcml0aG09QVdTNC1ITUFDLVNIQTI1NiZYLUFtei1DcmVkZW50aWFsPUFLSUFKWExFSUhETzNZWjNZR1ZRJTJGMjAyMTAxMDclMkZ1cy1lYXN0LTElMkZzdHMlMkZhd3M0X3JlcXVlc3QmWC1BbXotRGF0ZT0yMDIxMDEwN1QyMjExMzdaJlgtQW16LUV4cGlyZXM9MCZYLUFtei1TaWduZWRIZWFkZXJzPWhvc3QlM0J4LWs4cy1hd3MtaWQmWC1BbXotU2lnbmF0dXJlPTliYzFmNGJkYjcyYzE4MjJhZmUxNTY5ZTBkYmU1ZjY4N2M1NzI0Y2Q4ZjI3MzU5NTE1OWZmMGJmNWQ1NTdjZmQ"
          }
        }
      ]
    },
    {
      "mode": "managed",
      "type": "aws_security_group",
      "name": "all_worker_mgmt",
      "provider": "provider[\"registry.terraform.io/hashicorp/aws\"]",
      "instances": [
        {
          "schema_version": 1,
          "attributes": {
            "arn": "arn:aws:ec2:eu-west-1:195185165412:security-group/sg-0a67f76a46978078d",
            "description": "Managed by Terraform",
            "egress": [],
            "id": "sg-0a67f76a46978078d",
            "ingress": [
              {
                "cidr_blocks": [
                  "10.0.0.0/8",
                  "172.16.0.0/12",
                  "192.168.0.0/16"
                ],
                "description": "",
                "from_port": 22,
                "ipv6_cidr_blocks": [],
                "prefix_list_ids": [],
                "protocol": "tcp",
                "security_groups": [],
                "self": false,
                "to_port": 22
              }
            ],
            "name": "all_worker_management20210107215540027500000007",
            "name_prefix": "all_worker_management",
            "owner_id": "195185165412",
            "revoke_rules_on_delete": false,
            "tags": null,
            "timeouts": null,
            "vpc_id": "vpc-0ff51ad219edf210f"
          },
          "private": "eyJlMmJmYjczMC1lY2FhLTExZTYtOGY4OC0zNDM2M2JjN2M0YzAiOnsiY3JlYXRlIjo2MDAwMDAwMDAwMDAsImRlbGV0ZSI6NjAwMDAwMDAwMDAwfSwic2NoZW1hX3ZlcnNpb24iOiIxIn0=",
          "dependencies": [
            "module.vpc.aws_vpc.this",
            "random_string.suffix"
          ]
        }
      ]
    },
    {
      "mode": "managed",
      "type": "aws_security_group",
      "name": "worker_group_mgmt_one",
      "provider": "provider[\"registry.terraform.io/hashicorp/aws\"]",
      "instances": [
        {
          "schema_version": 1,
          "attributes": {
            "arn": "arn:aws:ec2:eu-west-1:195185165412:security-group/sg-0d3f264ffc7b0fcaa",
            "description": "Managed by Terraform",
            "egress": [],
            "id": "sg-0d3f264ffc7b0fcaa",
            "ingress": [
              {
                "cidr_blocks": [
                  "10.0.0.0/8"
                ],
                "description": "",
                "from_port": 22,
                "ipv6_cidr_blocks": [],
                "prefix_list_ids": [],
                "protocol": "tcp",
                "security_groups": [],
                "self": false,
                "to_port": 22
              }
            ],
            "name": "worker_group_mgmt_one20210107215540069900000009",
            "name_prefix": "worker_group_mgmt_one",
            "owner_id": "195185165412",
            "revoke_rules_on_delete": false,
            "tags": null,
            "timeouts": null,
            "vpc_id": "vpc-0ff51ad219edf210f"
          },
          "private": "eyJlMmJmYjczMC1lY2FhLTExZTYtOGY4OC0zNDM2M2JjN2M0YzAiOnsiY3JlYXRlIjo2MDAwMDAwMDAwMDAsImRlbGV0ZSI6NjAwMDAwMDAwMDAwfSwic2NoZW1hX3ZlcnNpb24iOiIxIn0=",
          "dependencies": [
            "module.vpc.aws_vpc.this",
            "random_string.suffix"
          ],
          "create_before_destroy": true
        }
      ]
    },
    {
      "mode": "managed",
      "type": "aws_security_group",
      "name": "worker_group_mgmt_two",
      "provider": "provider[\"registry.terraform.io/hashicorp/aws\"]",
      "instances": [
        {
          "schema_version": 1,
          "attributes": {
            "arn": "arn:aws:ec2:eu-west-1:195185165412:security-group/sg-0ccd03b3130f75d4b",
            "description": "Managed by Terraform",
            "egress": [],
            "id": "sg-0ccd03b3130f75d4b",
            "ingress": [
              {
                "cidr_blocks": [
                  "192.168.0.0/16"
                ],
                "description": "",
                "from_port": 22,
                "ipv6_cidr_blocks": [],
                "prefix_list_ids": [],
                "protocol": "tcp",
                "security_groups": [],
                "self": false,
                "to_port": 22
              }
            ],
            "name": "worker_group_mgmt_two20210107215540065400000008",
            "name_prefix": "worker_group_mgmt_two",
            "owner_id": "195185165412",
            "revoke_rules_on_delete": false,
            "tags": null,
            "timeouts": null,
            "vpc_id": "vpc-0ff51ad219edf210f"
          },
          "private": "eyJlMmJmYjczMC1lY2FhLTExZTYtOGY4OC0zNDM2M2JjN2M0YzAiOnsiY3JlYXRlIjo2MDAwMDAwMDAwMDAsImRlbGV0ZSI6NjAwMDAwMDAwMDAwfSwic2NoZW1hX3ZlcnNpb24iOiIxIn0=",
          "dependencies": [
            "module.vpc.aws_vpc.this",
            "random_string.suffix"
          ]
        }
      ]
    },
    {
      "mode": "managed",
      "type": "random_string",
      "name": "suffix",
      "provider": "provider[\"registry.terraform.io/hashicorp/random\"]",
      "instances": [
        {
          "schema_version": 1,
          "attributes": {
            "id": "xEQVsRBO",
            "keepers": null,
            "length": 8,
            "lower": true,
            "min_lower": 0,
            "min_numeric": 0,
            "min_special": 0,
            "min_upper": 0,
            "number": true,
            "override_special": null,
            "result": "xEQVsRBO",
            "special": false,
            "upper": true
          },
          "private": "eyJzY2hlbWFfdmVyc2lvbiI6IjEifQ=="
        }
      ]
    },
    {
      "module": "module.eks",
      "mode": "data",
      "type": "aws_ami",
      "name": "eks_worker",
      "provider": "provider[\"registry.terraform.io/hashicorp/aws\"]",
      "instances": [
        {
          "schema_version": 0,
          "attributes": {
            "architecture": "x86_64",
            "arn": "arn:aws:ec2:eu-west-1::image/ami-0bf2eefa92a02a84f",
            "block_device_mappings": [
              {
                "device_name": "/dev/xvda",
                "ebs": {
                  "delete_on_termination": "true",
                  "encrypted": "false",
                  "iops": "0",
                  "snapshot_id": "snap-0b2e4293f9d23399c",
                  "volume_size": "20",
                  "volume_type": "gp2"
                },
                "no_device": "",
                "virtual_name": ""
              }
            ],
            "creation_date": "2020-12-11T03:06:44.000Z",
            "description": "EKS Kubernetes Worker AMI with AmazonLinux2 image, (k8s: 1.18.9, docker: 19.03.6ce-4.amzn2, containerd: 1.4.1-2.amzn2)",
            "executable_users": null,
            "filter": [
              {
                "name": "name",
                "values": [
                  "amazon-eks-node-1.18-v*"
                ]
              }
            ],
            "hypervisor": "xen",
            "id": "ami-0bf2eefa92a02a84f",
            "image_id": "ami-0bf2eefa92a02a84f",
            "image_location": "amazon/amazon-eks-node-1.18-v20201211",
            "image_owner_alias": "amazon",
            "image_type": "machine",
            "kernel_id": null,
            "most_recent": true,
            "name": "amazon-eks-node-1.18-v20201211",
            "name_regex": null,
            "owner_id": "602401143452",
            "owners": [
              "amazon"
            ],
            "platform": null,
            "product_codes": [],
            "public": true,
            "ramdisk_id": null,
            "root_device_name": "/dev/xvda",
            "root_device_type": "ebs",
            "root_snapshot_id": "snap-0b2e4293f9d23399c",
            "sriov_net_support": "simple",
            "state": "available",
            "state_reason": {
              "code": "UNSET",
              "message": "UNSET"
            },
            "tags": {},
            "virtualization_type": "hvm"
          }
        }
      ]
    },
    {
      "module": "module.eks",
      "mode": "data",
      "type": "aws_ami",
      "name": "eks_worker_windows",
      "provider": "provider[\"registry.terraform.io/hashicorp/aws\"]",
      "instances": [
        {
          "schema_version": 0,
          "attributes": {
            "architecture": "x86_64",
            "arn": "arn:aws:ec2:eu-west-1::image/ami-085bcdff44bfbf3e1",
            "block_device_mappings": [
              {
                "device_name": "/dev/sda1",
                "ebs": {
                  "delete_on_termination": "true",
                  "encrypted": "false",
                  "iops": "0",
                  "snapshot_id": "snap-0bcd3c712ff709c1a",
                  "volume_size": "50",
                  "volume_type": "gp2"
                },
                "no_device": "",
                "virtual_name": ""
              },
              {
                "device_name": "xvdca",
                "ebs": {},
                "no_device": "",
                "virtual_name": "ephemeral0"
              },
              {
                "device_name": "xvdcb",
                "ebs": {},
                "no_device": "",
                "virtual_name": "ephemeral1"
              },
              {
                "device_name": "xvdcc",
                "ebs": {},
                "no_device": "",
                "virtual_name": "ephemeral2"
              },
              {
                "device_name": "xvdcd",
                "ebs": {},
                "no_device": "",
                "virtual_name": "ephemeral3"
              },
              {
                "device_name": "xvdce",
                "ebs": {},
                "no_device": "",
                "virtual_name": "ephemeral4"
              },
              {
                "device_name": "xvdcf",
                "ebs": {},
                "no_device": "",
                "virtual_name": "ephemeral5"
              },
              {
                "device_name": "xvdcg",
                "ebs": {},
                "no_device": "",
                "virtual_name": "ephemeral6"
              },
              {
                "device_name": "xvdch",
                "ebs": {},
                "no_device": "",
                "virtual_name": "ephemeral7"
              },
              {
                "device_name": "xvdci",
                "ebs": {},
                "no_device": "",
                "virtual_name": "ephemeral8"
              },
              {
                "device_name": "xvdcj",
                "ebs": {},
                "no_device": "",
                "virtual_name": "ephemeral9"
              },
              {
                "device_name": "xvdck",
                "ebs": {},
                "no_device": "",
                "virtual_name": "ephemeral10"
              },
              {
                "device_name": "xvdcl",
                "ebs": {},
                "no_device": "",
                "virtual_name": "ephemeral11"
              },
              {
                "device_name": "xvdcm",
                "ebs": {},
                "no_device": "",
                "virtual_name": "ephemeral12"
              },
              {
                "device_name": "xvdcn",
                "ebs": {},
                "no_device": "",
                "virtual_name": "ephemeral13"
              },
              {
                "device_name": "xvdco",
                "ebs": {},
                "no_device": "",
                "virtual_name": "ephemeral14"
              },
              {
                "device_name": "xvdcp",
                "ebs": {},
                "no_device": "",
                "virtual_name": "ephemeral15"
              },
              {
                "device_name": "xvdcq",
                "ebs": {},
                "no_device": "",
                "virtual_name": "ephemeral16"
              },
              {
                "device_name": "xvdcr",
                "ebs": {},
                "no_device": "",
                "virtual_name": "ephemeral17"
              },
              {
                "device_name": "xvdcs",
                "ebs": {},
                "no_device": "",
                "virtual_name": "ephemeral18"
              },
              {
                "device_name": "xvdct",
                "ebs": {},
                "no_device": "",
                "virtual_name": "ephemeral19"
              },
              {
                "device_name": "xvdcu",
                "ebs": {},
                "no_device": "",
                "virtual_name": "ephemeral20"
              },
              {
                "device_name": "xvdcv",
                "ebs": {},
                "no_device": "",
                "virtual_name": "ephemeral21"
              },
              {
                "device_name": "xvdcw",
                "ebs": {},
                "no_device": "",
                "virtual_name": "ephemeral22"
              },
              {
                "device_name": "xvdcx",
                "ebs": {},
                "no_device": "",
                "virtual_name": "ephemeral23"
              },
              {
                "device_name": "xvdcy",
                "ebs": {},
                "no_device": "",
                "virtual_name": "ephemeral24"
              },
              {
                "device_name": "xvdcz",
                "ebs": {},
                "no_device": "",
                "virtual_name": "ephemeral25"
              }
            ],
            "creation_date": "2020-12-11T23:04:23.000Z",
            "description": "Microsoft Windows Server 2019 Core optimized for EKS and provided by Amazon",
            "executable_users": null,
            "filter": [
              {
                "name": "name",
                "values": [
                  "Windows_Server-2019-English-Core-EKS_Optimized-1.18-*"
                ]
              },
              {
                "name": "platform",
                "values": [
                  "windows"
                ]
              }
            ],
            "hypervisor": "xen",
            "id": "ami-085bcdff44bfbf3e1",
            "image_id": "ami-085bcdff44bfbf3e1",
            "image_location": "amazon/Windows_Server-2019-English-Core-EKS_Optimized-1.18-2020.12.11",
            "image_owner_alias": "amazon",
            "image_type": "machine",
            "kernel_id": null,
            "most_recent": true,
            "name": "Windows_Server-2019-English-Core-EKS_Optimized-1.18-2020.12.11",
            "name_regex": null,
            "owner_id": "801119661308",
            "owners": [
              "amazon"
            ],
            "platform": "windows",
            "product_codes": [],
            "public": true,
            "ramdisk_id": null,
            "root_device_name": "/dev/sda1",
            "root_device_type": "ebs",
            "root_snapshot_id": "snap-0bcd3c712ff709c1a",
            "sriov_net_support": "simple",
            "state": "available",
            "state_reason": {
              "code": "UNSET",
              "message": "UNSET"
            },
            "tags": {},
            "virtualization_type": "hvm"
          }
        }
      ]
    },
    {
      "module": "module.eks",
      "mode": "data",
      "type": "aws_caller_identity",
      "name": "current",
      "provider": "provider[\"registry.terraform.io/hashicorp/aws\"]",
      "instances": [
        {
          "schema_version": 0,
          "attributes": {
            "account_id": "195185165412",
            "arn": "arn:aws:iam::195185165412:root",
            "id": "195185165412",
            "user_id": "195185165412"
          }
        }
      ]
    },
    {
      "module": "module.eks",
      "mode": "data",
      "type": "aws_iam_policy_document",
      "name": "cluster_assume_role_policy",
      "provider": "provider[\"registry.terraform.io/hashicorp/aws\"]",
      "instances": [
        {
          "schema_version": 0,
          "attributes": {
            "id": "2764486067",
            "json": "{\n  \"Version\": \"2012-10-17\",\n  \"Statement\": [\n    {\n      \"Sid\": \"EKSClusterAssumeRole\",\n      \"Effect\": \"Allow\",\n      \"Action\": \"sts:AssumeRole\",\n      \"Principal\": {\n        \"Service\": \"eks.amazonaws.com\"\n      }\n    }\n  ]\n}",
            "override_json": null,
            "policy_id": null,
            "source_json": null,
            "statement": [
              {
                "actions": [
                  "sts:AssumeRole"
                ],
                "condition": [],
                "effect": "Allow",
                "not_actions": [],
                "not_principals": [],
                "not_resources": [],
                "principals": [
                  {
                    "identifiers": [
                      "eks.amazonaws.com"
                    ],
                    "type": "Service"
                  }
                ],
                "resources": [],
                "sid": "EKSClusterAssumeRole"
              }
            ],
            "version": "2012-10-17"
          }
        }
      ]
    },
    {
      "module": "module.eks",
      "mode": "data",
      "type": "aws_iam_policy_document",
      "name": "cluster_elb_sl_role_creation",
      "provider": "provider[\"registry.terraform.io/hashicorp/aws\"]",
      "instances": [
        {
          "index_key": 0,
          "schema_version": 0,
          "attributes": {
            "id": "3407219844",
            "json": "{\n  \"Version\": \"2012-10-17\",\n  \"Statement\": [\n    {\n      \"Sid\": \"\",\n      \"Effect\": \"Allow\",\n      \"Action\": [\n        \"ec2:DescribeInternetGateways\",\n        \"ec2:DescribeAccountAttributes\"\n      ],\n      \"Resource\": \"*\"\n    }\n  ]\n}",
            "override_json": null,
            "policy_id": null,
            "source_json": null,
            "statement": [
              {
                "actions": [
                  "ec2:DescribeAccountAttributes",
                  "ec2:DescribeInternetGateways"
                ],
                "condition": [],
                "effect": "Allow",
                "not_actions": [],
                "not_principals": [],
                "not_resources": [],
                "principals": [],
                "resources": [
                  "*"
                ],
                "sid": ""
              }
            ],
            "version": "2012-10-17"
          }
        }
      ]
    },
    {
      "module": "module.eks",
      "mode": "data",
      "type": "aws_iam_policy_document",
      "name": "workers_assume_role_policy",
      "provider": "provider[\"registry.terraform.io/hashicorp/aws\"]",
      "instances": [
        {
          "schema_version": 0,
          "attributes": {
            "id": "3778018924",
            "json": "{\n  \"Version\": \"2012-10-17\",\n  \"Statement\": [\n    {\n      \"Sid\": \"EKSWorkerAssumeRole\",\n      \"Effect\": \"Allow\",\n      \"Action\": \"sts:AssumeRole\",\n      \"Principal\": {\n        \"Service\": \"ec2.amazonaws.com\"\n      }\n    }\n  ]\n}",
            "override_json": null,
            "policy_id": null,
            "source_json": null,
            "statement": [
              {
                "actions": [
                  "sts:AssumeRole"
                ],
                "condition": [],
                "effect": "Allow",
                "not_actions": [],
                "not_principals": [],
                "not_resources": [],
                "principals": [
                  {
                    "identifiers": [
                      "ec2.amazonaws.com"
                    ],
                    "type": "Service"
                  }
                ],
                "resources": [],
                "sid": "EKSWorkerAssumeRole"
              }
            ],
            "version": "2012-10-17"
          }
        }
      ]
    },
    {
      "module": "module.eks",
      "mode": "data",
      "type": "aws_partition",
      "name": "current",
      "provider": "provider[\"registry.terraform.io/hashicorp/aws\"]",
      "instances": [
        {
          "schema_version": 0,
          "attributes": {
            "dns_suffix": "amazonaws.com",
            "id": "aws",
            "partition": "aws"
          }
        }
      ]
    },
    {
      "module": "module.eks",
      "mode": "data",
      "type": "template_file",
      "name": "userdata",
      "provider": "provider[\"registry.terraform.io/hashicorp/template\"]",
      "instances": [
        {
          "index_key": 0,
          "schema_version": 0,
          "attributes": {
            "filename": null,
            "id": "57667c77ed6236549d2222183cc27c8823680059239ca5b305b62638ca8ed1ca",
            "rendered": "#!/bin/bash -xe\n\n# Allow user supplied pre userdata code\n\n\n# Bootstrap and join the cluster\n/etc/eks/bootstrap.sh --b64-cluster-ca 'LS0tLS1CRUdJTiBDRVJUSUZJQ0FURS0tLS0tCk1JSUN5RENDQWJDZ0F3SUJBZ0lCQURBTkJna3Foa2lHOXcwQkFRc0ZBREFWTVJNd0VRWURWUVFERXdwcmRXSmwKY201bGRHVnpNQjRYRFRJeE1ERXdOekl5TURReE5sb1hEVE14TURFd05USXlNRFF4Tmxvd0ZURVRNQkVHQTFVRQpBeE1LYTNWaVpYSnVaWFJsY3pDQ0FTSXdEUVlKS29aSWh2Y05BUUVCQlFBRGdnRVBBRENDQVFvQ2dnRUJBTFRzCllnQUVYMmVRSk5DRGFSak1BaUpkR2FRaHFFZy9UVXUxNS9xS011SnFENzdVUEUzdW4yeFNqelNFR3dJVG9Eb1YKWFlRWXhDbW0rT1c1N1JCRkFabnAydTRva2hBZTdpRndjbmt3TFZiTWNlRHF6WGRGbE9kR2N6Z1E4NDhvN29rWApzckFQRDBUeTNuZGRSajFacHo2K1g1N0xPUUZ6b3FPa2J4bEdGWkNpNFpxbzFPTjRvczlTMVg5eVRBVU1ydHc1ClRiV1pVQzhHakR4TGVacEZUdnVLK3RjM0RxcnpNNHJOMkgvRkJkbzl0dm9NbTdOQzhOSUZQTVB1Nmc3dVEyTXcKZTVxWVNqNVpHZFJpcXM3bXhrQlgzdnlleXZDWVRVUDJmeXdpUnBCN09SbHpzMUxYa2xTMDloT3M0VW40aUQ4MQpOYzUvdU5CL1FCQkJQbnRCTnBNQ0F3RUFBYU1qTUNFd0RnWURWUjBQQVFIL0JBUURBZ0trTUE4R0ExVWRFd0VCCi93UUZNQU1CQWY4d0RRWUpLb1pJaHZjTkFRRUxCUUFEZ2dFQkFJUno5ZE1ZZjQ5WHV0MFpTUjBORlF5SW8rUzkKUlFDbEtpQS9HNmQwNlJhMUFOQzNrTFFuT2ZGTEVYQTlpcE0yODlvSUNDWE5nQzdJV1ErM2MvZElDd2NCT1ZXeApnMGNUaEtMZWV2eitmanl2ckhKMVdzVEVnaGs5UHhtUTh6ZkZxblVtNitmbzhKUHd2eklZd0NIQ0FJNy9VQnE2CmUybEFsSlVjcHhEeWVzWTZiNlJXUndDL3pOV25jRHJiNWZuT2xkeGdqYXlQVTdTaDBxN0pYMmpWYzZLdTlPV2cKTW1QZi9Yb1ptZUNjSlB3TEQ4cDkyYzQ4SHkzMTdMUEdUK0lKNjZ1WU9SbTJ6S3lTWkpIVVFPSjZvR2k2dGdwNgpVQXBGRVlEOUUyQU9nTDRPSXVVRUErQVdVQTZ5SEpmeCtEakFzSVdNUTRBWWtzbkIrRzVRZndWaFdiQT0KLS0tLS1FTkQgQ0VSVElGSUNBVEUtLS0tLQo=' --apiserver-endpoint 'https://EEFEAECE0F7CD2FBE5F25F8314DE731E.gr7.eu-west-1.eks.amazonaws.com'  --kubelet-extra-args \"\" 'training-eks-xEQVsRBO'\n\n# Allow user supplied userdata code\necho foo bar\n",
            "template": "#!/bin/bash -xe\n\n# Allow user supplied pre userdata code\n${pre_userdata}\n\n# Bootstrap and join the cluster\n/etc/eks/bootstrap.sh --b64-cluster-ca '${cluster_auth_base64}' --apiserver-endpoint '${endpoint}' ${bootstrap_extra_args} --kubelet-extra-args \"${kubelet_extra_args}\" '${cluster_name}'\n\n# Allow user supplied userdata code\n${additional_userdata}\n",
            "vars": {
              "additional_userdata": "echo foo bar",
              "bootstrap_extra_args": "",
              "cluster_auth_base64": "LS0tLS1CRUdJTiBDRVJUSUZJQ0FURS0tLS0tCk1JSUN5RENDQWJDZ0F3SUJBZ0lCQURBTkJna3Foa2lHOXcwQkFRc0ZBREFWTVJNd0VRWURWUVFERXdwcmRXSmwKY201bGRHVnpNQjRYRFRJeE1ERXdOekl5TURReE5sb1hEVE14TURFd05USXlNRFF4Tmxvd0ZURVRNQkVHQTFVRQpBeE1LYTNWaVpYSnVaWFJsY3pDQ0FTSXdEUVlKS29aSWh2Y05BUUVCQlFBRGdnRVBBRENDQVFvQ2dnRUJBTFRzCllnQUVYMmVRSk5DRGFSak1BaUpkR2FRaHFFZy9UVXUxNS9xS011SnFENzdVUEUzdW4yeFNqelNFR3dJVG9Eb1YKWFlRWXhDbW0rT1c1N1JCRkFabnAydTRva2hBZTdpRndjbmt3TFZiTWNlRHF6WGRGbE9kR2N6Z1E4NDhvN29rWApzckFQRDBUeTNuZGRSajFacHo2K1g1N0xPUUZ6b3FPa2J4bEdGWkNpNFpxbzFPTjRvczlTMVg5eVRBVU1ydHc1ClRiV1pVQzhHakR4TGVacEZUdnVLK3RjM0RxcnpNNHJOMkgvRkJkbzl0dm9NbTdOQzhOSUZQTVB1Nmc3dVEyTXcKZTVxWVNqNVpHZFJpcXM3bXhrQlgzdnlleXZDWVRVUDJmeXdpUnBCN09SbHpzMUxYa2xTMDloT3M0VW40aUQ4MQpOYzUvdU5CL1FCQkJQbnRCTnBNQ0F3RUFBYU1qTUNFd0RnWURWUjBQQVFIL0JBUURBZ0trTUE4R0ExVWRFd0VCCi93UUZNQU1CQWY4d0RRWUpLb1pJaHZjTkFRRUxCUUFEZ2dFQkFJUno5ZE1ZZjQ5WHV0MFpTUjBORlF5SW8rUzkKUlFDbEtpQS9HNmQwNlJhMUFOQzNrTFFuT2ZGTEVYQTlpcE0yODlvSUNDWE5nQzdJV1ErM2MvZElDd2NCT1ZXeApnMGNUaEtMZWV2eitmanl2ckhKMVdzVEVnaGs5UHhtUTh6ZkZxblVtNitmbzhKUHd2eklZd0NIQ0FJNy9VQnE2CmUybEFsSlVjcHhEeWVzWTZiNlJXUndDL3pOV25jRHJiNWZuT2xkeGdqYXlQVTdTaDBxN0pYMmpWYzZLdTlPV2cKTW1QZi9Yb1ptZUNjSlB3TEQ4cDkyYzQ4SHkzMTdMUEdUK0lKNjZ1WU9SbTJ6S3lTWkpIVVFPSjZvR2k2dGdwNgpVQXBGRVlEOUUyQU9nTDRPSXVVRUErQVdVQTZ5SEpmeCtEakFzSVdNUTRBWWtzbkIrRzVRZndWaFdiQT0KLS0tLS1FTkQgQ0VSVElGSUNBVEUtLS0tLQo=",
              "cluster_name": "training-eks-xEQVsRBO",
              "endpoint": "https://EEFEAECE0F7CD2FBE5F25F8314DE731E.gr7.eu-west-1.eks.amazonaws.com",
              "kubelet_extra_args": "",
              "platform": "linux",
              "pre_userdata": ""
            }
          }
        }
      ]
    },
    {
      "module": "module.eks",
      "mode": "managed",
      "type": "aws_autoscaling_group",
      "name": "workers",
      "provider": "provider[\"registry.terraform.io/hashicorp/aws\"]",
      "instances": [
        {
          "index_key": 0,
          "schema_version": 0,
          "attributes": {
            "arn": "arn:aws:autoscaling:eu-west-1:195185165412:autoScalingGroup:3a412caa-75c0-409c-9c1d-c29f41aa36f4:autoScalingGroupName/training-eks-xEQVsRBO-worker-group-120210107220816415500000012",
            "availability_zones": [
              "eu-west-1a",
              "eu-west-1b",
              "eu-west-1c"
            ],
            "capacity_rebalance": false,
            "default_cooldown": 300,
            "desired_capacity": 2,
            "enabled_metrics": null,
            "force_delete": false,
            "health_check_grace_period": 300,
            "health_check_type": "EC2",
            "id": "training-eks-xEQVsRBO-worker-group-120210107220816415500000012",
            "initial_lifecycle_hook": [],
            "instance_refresh": [],
            "launch_configuration": "training-eks-xEQVsRBO-worker-group-120210107220807574400000011",
            "launch_template": [],
            "load_balancers": null,
            "max_instance_lifetime": 0,
            "max_size": 3,
            "metrics_granularity": "1Minute",
            "min_elb_capacity": null,
            "min_size": 1,
            "mixed_instances_policy": [],
            "name": "training-eks-xEQVsRBO-worker-group-120210107220816415500000012",
            "name_prefix": "training-eks-xEQVsRBO-worker-group-1",
            "placement_group": "",
            "protect_from_scale_in": false,
            "service_linked_role_arn": "arn:aws:iam::195185165412:role/aws-service-role/autoscaling.amazonaws.com/AWSServiceRoleForAutoScaling",
            "suspended_processes": [
              "AZRebalance"
            ],
            "tag": [
              {
                "key": "Environment",
                "propagate_at_launch": true,
                "value": "training"
              },
              {
                "key": "GithubOrg",
                "propagate_at_launch": true,
                "value": "terraform-aws-modules"
              },
              {
                "key": "GithubRepo",
                "propagate_at_launch": true,
                "value": "terraform-aws-eks"
              },
              {
                "key": "Name",
                "propagate_at_launch": true,
                "value": "training-eks-xEQVsRBO-worker-group-1-eks_asg"
              },
              {
                "key": "k8s.io/cluster/training-eks-xEQVsRBO",
                "propagate_at_launch": true,
                "value": "owned"
              },
              {
                "key": "kubernetes.io/cluster/training-eks-xEQVsRBO",
                "propagate_at_launch": true,
                "value": "owned"
              }
            ],
            "tags": null,
            "target_group_arns": null,
            "termination_policies": [],
            "timeouts": null,
            "vpc_zone_identifier": [
              "subnet-00ca9e1c4f3d5f91b",
              "subnet-0bf4e97d43366a3c0",
              "subnet-0f1f71b912aec6dca"
            ],
            "wait_for_capacity_timeout": "10m",
            "wait_for_elb_capacity": null
          },
          "private": "eyJlMmJmYjczMC1lY2FhLTExZTYtOGY4OC0zNDM2M2JjN2M0YzAiOnsiZGVsZXRlIjo2MDAwMDAwMDAwMDB9fQ==",
          "dependencies": [
            "aws_security_group.worker_group_mgmt_one",
            "data.aws_availability_zones.available",
            "module.eks.aws_cloudwatch_log_group.this",
            "module.eks.aws_eks_cluster.this",
            "module.eks.aws_iam_instance_profile.workers",
            "module.eks.aws_iam_role.cluster",
            "module.eks.aws_iam_role.workers",
            "module.eks.aws_iam_role_policy_attachment.cluster_AmazonEKSClusterPolicy",
            "module.eks.aws_iam_role_policy_attachment.cluster_AmazonEKSServicePolicy",
            "module.eks.aws_iam_role_policy_attachment.cluster_AmazonEKSVPCResourceControllerPolicy",
            "module.eks.aws_iam_role_policy_attachment.workers_AmazonEC2ContainerRegistryReadOnly",
            "module.eks.aws_iam_role_policy_attachment.workers_AmazonEKSWorkerNodePolicy",
            "module.eks.aws_iam_role_policy_attachment.workers_AmazonEKS_CNI_Policy",
            "module.eks.aws_iam_role_policy_attachment.workers_additional_policies",
            "module.eks.aws_launch_configuration.workers",
            "module.eks.aws_security_group.cluster",
            "module.eks.aws_security_group.workers",
            "module.eks.aws_security_group_rule.cluster_egress_internet",
            "module.eks.aws_security_group_rule.cluster_https_worker_ingress",
            "module.eks.aws_security_group_rule.cluster_primary_ingress_workers",
            "module.eks.aws_security_group_rule.workers_egress_internet",
            "module.eks.aws_security_group_rule.workers_ingress_cluster",
            "module.eks.aws_security_group_rule.workers_ingress_cluster_https",
            "module.eks.aws_security_group_rule.workers_ingress_cluster_kubelet",
            "module.eks.aws_security_group_rule.workers_ingress_cluster_primary",
            "module.eks.aws_security_group_rule.workers_ingress_self",
            "module.eks.data.aws_ami.eks_worker",
            "module.eks.data.aws_ami.eks_worker_windows",
            "module.eks.data.aws_iam_instance_profile.custom_worker_group_iam_instance_profile",
            "module.eks.data.aws_iam_policy_document.cluster_assume_role_policy",
            "module.eks.data.aws_iam_policy_document.workers_assume_role_policy",
            "module.eks.data.aws_iam_role.custom_cluster_iam_role",
            "module.eks.data.aws_partition.current",
            "module.eks.data.template_file.userdata",
            "module.eks.random_pet.workers",
            "module.vpc.aws_subnet.private",
            "module.vpc.aws_vpc.this",
            "module.vpc.aws_vpc_ipv4_cidr_block_association.this",
            "random_string.suffix"
          ],
          "create_before_destroy": true
        }
      ]
    },
    {
      "module": "module.eks",
      "mode": "managed",
      "type": "aws_eks_cluster",
      "name": "this",
      "provider": "provider[\"registry.terraform.io/hashicorp/aws\"]",
      "instances": [
        {
          "index_key": 0,
          "schema_version": 0,
          "attributes": {
            "arn": "arn:aws:eks:eu-west-1:195185165412:cluster/training-eks-xEQVsRBO",
            "certificate_authority": [
              {
                "data": "LS0tLS1CRUdJTiBDRVJUSUZJQ0FURS0tLS0tCk1JSUN5RENDQWJDZ0F3SUJBZ0lCQURBTkJna3Foa2lHOXcwQkFRc0ZBREFWTVJNd0VRWURWUVFERXdwcmRXSmwKY201bGRHVnpNQjRYRFRJeE1ERXdOekl5TURReE5sb1hEVE14TURFd05USXlNRFF4Tmxvd0ZURVRNQkVHQTFVRQpBeE1LYTNWaVpYSnVaWFJsY3pDQ0FTSXdEUVlKS29aSWh2Y05BUUVCQlFBRGdnRVBBRENDQVFvQ2dnRUJBTFRzCllnQUVYMmVRSk5DRGFSak1BaUpkR2FRaHFFZy9UVXUxNS9xS011SnFENzdVUEUzdW4yeFNqelNFR3dJVG9Eb1YKWFlRWXhDbW0rT1c1N1JCRkFabnAydTRva2hBZTdpRndjbmt3TFZiTWNlRHF6WGRGbE9kR2N6Z1E4NDhvN29rWApzckFQRDBUeTNuZGRSajFacHo2K1g1N0xPUUZ6b3FPa2J4bEdGWkNpNFpxbzFPTjRvczlTMVg5eVRBVU1ydHc1ClRiV1pVQzhHakR4TGVacEZUdnVLK3RjM0RxcnpNNHJOMkgvRkJkbzl0dm9NbTdOQzhOSUZQTVB1Nmc3dVEyTXcKZTVxWVNqNVpHZFJpcXM3bXhrQlgzdnlleXZDWVRVUDJmeXdpUnBCN09SbHpzMUxYa2xTMDloT3M0VW40aUQ4MQpOYzUvdU5CL1FCQkJQbnRCTnBNQ0F3RUFBYU1qTUNFd0RnWURWUjBQQVFIL0JBUURBZ0trTUE4R0ExVWRFd0VCCi93UUZNQU1CQWY4d0RRWUpLb1pJaHZjTkFRRUxCUUFEZ2dFQkFJUno5ZE1ZZjQ5WHV0MFpTUjBORlF5SW8rUzkKUlFDbEtpQS9HNmQwNlJhMUFOQzNrTFFuT2ZGTEVYQTlpcE0yODlvSUNDWE5nQzdJV1ErM2MvZElDd2NCT1ZXeApnMGNUaEtMZWV2eitmanl2ckhKMVdzVEVnaGs5UHhtUTh6ZkZxblVtNitmbzhKUHd2eklZd0NIQ0FJNy9VQnE2CmUybEFsSlVjcHhEeWVzWTZiNlJXUndDL3pOV25jRHJiNWZuT2xkeGdqYXlQVTdTaDBxN0pYMmpWYzZLdTlPV2cKTW1QZi9Yb1ptZUNjSlB3TEQ4cDkyYzQ4SHkzMTdMUEdUK0lKNjZ1WU9SbTJ6S3lTWkpIVVFPSjZvR2k2dGdwNgpVQXBGRVlEOUUyQU9nTDRPSXVVRUErQVdVQTZ5SEpmeCtEakFzSVdNUTRBWWtzbkIrRzVRZndWaFdiQT0KLS0tLS1FTkQgQ0VSVElGSUNBVEUtLS0tLQo="
              }
            ],
            "created_at": "2021-01-07 21:55:51.664 +0000 UTC",
            "enabled_cluster_log_types": null,
            "encryption_config": [],
            "endpoint": "https://EEFEAECE0F7CD2FBE5F25F8314DE731E.gr7.eu-west-1.eks.amazonaws.com",
            "id": "training-eks-xEQVsRBO",
            "identity": [
              {
                "oidc": [
                  {
                    "issuer": "https://oidc.eks.eu-west-1.amazonaws.com/id/EEFEAECE0F7CD2FBE5F25F8314DE731E"
                  }
                ]
              }
            ],
            "kubernetes_network_config": [
              {
                "service_ipv4_cidr": "172.20.0.0/16"
              }
            ],
            "name": "training-eks-xEQVsRBO",
            "platform_version": "eks.3",
            "role_arn": "arn:aws:iam::195185165412:role/training-eks-xEQVsRBO20210107215532906900000002",
            "status": "ACTIVE",
            "tags": {
              "Environment": "training",
              "GithubOrg": "terraform-aws-modules",
              "GithubRepo": "terraform-aws-eks"
            },
            "timeouts": {
              "create": "30m",
              "delete": "15m",
              "update": null
            },
            "version": "1.18",
            "vpc_config": [
              {
                "cluster_security_group_id": "sg-0f20047498d3b35b8",
                "endpoint_private_access": false,
                "endpoint_public_access": true,
                "public_access_cidrs": [
                  "0.0.0.0/0"
                ],
                "security_group_ids": [
                  "sg-02d7142494f5371b4"
                ],
                "subnet_ids": [
                  "subnet-00ca9e1c4f3d5f91b",
                  "subnet-0bf4e97d43366a3c0",
                  "subnet-0f1f71b912aec6dca"
                ],
                "vpc_id": "vpc-0ff51ad219edf210f"
              }
            ]
          },
          "private": "eyJlMmJmYjczMC1lY2FhLTExZTYtOGY4OC0zNDM2M2JjN2M0YzAiOnsiY3JlYXRlIjoxODAwMDAwMDAwMDAwLCJkZWxldGUiOjkwMDAwMDAwMDAwMCwidXBkYXRlIjozNjAwMDAwMDAwMDAwfX0=",
          "dependencies": [
            "data.aws_availability_zones.available",
            "module.eks.aws_cloudwatch_log_group.this",
            "module.eks.aws_iam_role.cluster",
            "module.eks.aws_iam_role_policy_attachment.cluster_AmazonEKSClusterPolicy",
            "module.eks.aws_iam_role_policy_attachment.cluster_AmazonEKSServicePolicy",
            "module.eks.aws_iam_role_policy_attachment.cluster_AmazonEKSVPCResourceControllerPolicy",
            "module.eks.aws_security_group.cluster",
            "module.eks.aws_security_group.workers",
            "module.eks.aws_security_group_rule.cluster_egress_internet",
            "module.eks.aws_security_group_rule.cluster_https_worker_ingress",
            "module.eks.data.aws_iam_policy_document.cluster_assume_role_policy",
            "module.eks.data.aws_iam_role.custom_cluster_iam_role",
            "module.eks.data.aws_partition.current",
            "module.vpc.aws_subnet.private",
            "module.vpc.aws_vpc.this",
            "module.vpc.aws_vpc_ipv4_cidr_block_association.this",
            "random_string.suffix"
          ],
          "create_before_destroy": true
        }
      ]
    },
    {
      "module": "module.eks",
      "mode": "managed",
      "type": "aws_iam_instance_profile",
      "name": "workers",
      "provider": "provider[\"registry.terraform.io/hashicorp/aws\"]",
      "instances": [
        {
          "index_key": 0,
          "schema_version": 0,
          "attributes": {
            "arn": "arn:aws:iam::195185165412:instance-profile/training-eks-xEQVsRBO2021010722080397550000000d",
            "create_date": "2021-01-07T22:08:04Z",
            "id": "training-eks-xEQVsRBO2021010722080397550000000d",
            "name": "training-eks-xEQVsRBO2021010722080397550000000d",
            "name_prefix": "training-eks-xEQVsRBO",
            "path": "/",
            "role": "training-eks-xEQVsRBO2021010722080183790000000c",
            "unique_id": "AIPAS24PRIRSCQJVPDPKY"
          },
          "private": "bnVsbA==",
          "dependencies": [
            "aws_security_group.worker_group_mgmt_one",
            "data.aws_availability_zones.available",
            "module.eks.aws_cloudwatch_log_group.this",
            "module.eks.aws_eks_cluster.this",
            "module.eks.aws_iam_role.cluster",
            "module.eks.aws_iam_role.workers",
            "module.eks.aws_iam_role_policy_attachment.cluster_AmazonEKSClusterPolicy",
            "module.eks.aws_iam_role_policy_attachment.cluster_AmazonEKSServicePolicy",
            "module.eks.aws_iam_role_policy_attachment.cluster_AmazonEKSVPCResourceControllerPolicy",
            "module.eks.aws_security_group.cluster",
            "module.eks.aws_security_group.workers",
            "module.eks.aws_security_group_rule.cluster_egress_internet",
            "module.eks.aws_security_group_rule.cluster_https_worker_ingress",
            "module.eks.data.aws_iam_policy_document.cluster_assume_role_policy",
            "module.eks.data.aws_iam_policy_document.workers_assume_role_policy",
            "module.eks.data.aws_iam_role.custom_cluster_iam_role",
            "module.eks.data.aws_partition.current",
            "module.vpc.aws_subnet.private",
            "module.vpc.aws_vpc.this",
            "module.vpc.aws_vpc_ipv4_cidr_block_association.this",
            "random_string.suffix"
          ],
          "create_before_destroy": true
        }
      ]
    },
    {
      "module": "module.eks",
      "mode": "managed",
      "type": "aws_iam_policy",
      "name": "cluster_elb_sl_role_creation",
      "provider": "provider[\"registry.terraform.io/hashicorp/aws\"]",
      "instances": [
        {
          "index_key": 0,
          "schema_version": 0,
          "attributes": {
            "arn": "arn:aws:iam::195185165412:policy/training-eks-xEQVsRBO-elb-sl-role-creation20210107215532893600000001",
            "description": "Permissions for EKS to create AWSServiceRoleForElasticLoadBalancing service-linked role",
            "id": "arn:aws:iam::195185165412:policy/training-eks-xEQVsRBO-elb-sl-role-creation20210107215532893600000001",
            "name": "training-eks-xEQVsRBO-elb-sl-role-creation20210107215532893600000001",
            "name_prefix": "training-eks-xEQVsRBO-elb-sl-role-creation",
            "path": "/",
            "policy": "{\n  \"Version\": \"2012-10-17\",\n  \"Statement\": [\n    {\n      \"Sid\": \"\",\n      \"Effect\": \"Allow\",\n      \"Action\": [\n        \"ec2:DescribeInternetGateways\",\n        \"ec2:DescribeAccountAttributes\"\n      ],\n      \"Resource\": \"*\"\n    }\n  ]\n}"
          },
          "private": "bnVsbA==",
          "dependencies": [
            "module.eks.data.aws_iam_policy_document.cluster_elb_sl_role_creation",
            "random_string.suffix"
          ]
        }
      ]
    },
    {
      "module": "module.eks",
      "mode": "managed",
      "type": "aws_iam_role",
      "name": "cluster",
      "provider": "provider[\"registry.terraform.io/hashicorp/aws\"]",
      "instances": [
        {
          "index_key": 0,
          "schema_version": 0,
          "attributes": {
            "arn": "arn:aws:iam::195185165412:role/training-eks-xEQVsRBO20210107215532906900000002",
            "assume_role_policy": "{\"Version\":\"2012-10-17\",\"Statement\":[{\"Sid\":\"EKSClusterAssumeRole\",\"Effect\":\"Allow\",\"Principal\":{\"Service\":\"eks.amazonaws.com\"},\"Action\":\"sts:AssumeRole\"}]}",
            "create_date": "2021-01-07T21:55:33Z",
            "description": "",
            "force_detach_policies": true,
            "id": "training-eks-xEQVsRBO20210107215532906900000002",
            "max_session_duration": 3600,
            "name": "training-eks-xEQVsRBO20210107215532906900000002",
            "name_prefix": "training-eks-xEQVsRBO",
            "path": "/",
            "permissions_boundary": null,
            "tags": {
              "Environment": "training",
              "GithubOrg": "terraform-aws-modules",
              "GithubRepo": "terraform-aws-eks"
            },
            "unique_id": "AROAS24PRIRSB5X2BFYK4"
          },
          "private": "bnVsbA==",
          "dependencies": [
            "module.eks.data.aws_iam_policy_document.cluster_assume_role_policy",
            "random_string.suffix"
          ],
          "create_before_destroy": true
        }
      ]
    },
    {
      "module": "module.eks",
      "mode": "managed",
      "type": "aws_iam_role",
      "name": "workers",
      "provider": "provider[\"registry.terraform.io/hashicorp/aws\"]",
      "instances": [
        {
          "index_key": 0,
          "schema_version": 0,
          "attributes": {
            "arn": "arn:aws:iam::195185165412:role/training-eks-xEQVsRBO2021010722080183790000000c",
            "assume_role_policy": "{\"Version\":\"2012-10-17\",\"Statement\":[{\"Sid\":\"EKSWorkerAssumeRole\",\"Effect\":\"Allow\",\"Principal\":{\"Service\":\"ec2.amazonaws.com\"},\"Action\":\"sts:AssumeRole\"}]}",
            "create_date": "2021-01-07T22:08:02Z",
            "description": "",
            "force_detach_policies": true,
            "id": "training-eks-xEQVsRBO2021010722080183790000000c",
            "max_session_duration": 3600,
            "name": "training-eks-xEQVsRBO2021010722080183790000000c",
            "name_prefix": "training-eks-xEQVsRBO",
            "path": "/",
            "permissions_boundary": null,
            "tags": {
              "Environment": "training",
              "GithubOrg": "terraform-aws-modules",
              "GithubRepo": "terraform-aws-eks"
            },
            "unique_id": "AROAS24PRIRSGYMHYSF6Z"
          },
          "private": "bnVsbA==",
          "dependencies": [
            "data.aws_availability_zones.available",
            "module.eks.aws_cloudwatch_log_group.this",
            "module.eks.aws_eks_cluster.this",
            "module.eks.aws_iam_role.cluster",
            "module.eks.aws_iam_role_policy_attachment.cluster_AmazonEKSClusterPolicy",
            "module.eks.aws_iam_role_policy_attachment.cluster_AmazonEKSServicePolicy",
            "module.eks.aws_iam_role_policy_attachment.cluster_AmazonEKSVPCResourceControllerPolicy",
            "module.eks.aws_security_group.cluster",
            "module.eks.aws_security_group.workers",
            "module.eks.aws_security_group_rule.cluster_egress_internet",
            "module.eks.aws_security_group_rule.cluster_https_worker_ingress",
            "module.eks.data.aws_iam_policy_document.cluster_assume_role_policy",
            "module.eks.data.aws_iam_policy_document.workers_assume_role_policy",
            "module.eks.data.aws_iam_role.custom_cluster_iam_role",
            "module.eks.data.aws_partition.current",
            "module.vpc.aws_subnet.private",
            "module.vpc.aws_vpc.this",
            "module.vpc.aws_vpc_ipv4_cidr_block_association.this",
            "random_string.suffix"
          ],
          "create_before_destroy": true
        }
      ]
    },
    {
      "module": "module.eks",
      "mode": "managed",
      "type": "aws_iam_role_policy_attachment",
      "name": "cluster_AmazonEKSClusterPolicy",
      "provider": "provider[\"registry.terraform.io/hashicorp/aws\"]",
      "instances": [
        {
          "index_key": 0,
          "schema_version": 0,
          "attributes": {
            "id": "training-eks-xEQVsRBO20210107215532906900000002-20210107215535272000000003",
            "policy_arn": "arn:aws:iam::aws:policy/AmazonEKSClusterPolicy",
            "role": "training-eks-xEQVsRBO20210107215532906900000002"
          },
          "private": "bnVsbA==",
          "dependencies": [
            "module.eks.aws_iam_role.cluster",
            "module.eks.data.aws_iam_policy_document.cluster_assume_role_policy",
            "module.eks.data.aws_partition.current",
            "random_string.suffix"
          ],
          "create_before_destroy": true
        }
      ]
    },
    {
      "module": "module.eks",
      "mode": "managed",
      "type": "aws_iam_role_policy_attachment",
      "name": "cluster_AmazonEKSServicePolicy",
      "provider": "provider[\"registry.terraform.io/hashicorp/aws\"]",
      "instances": [
        {
          "index_key": 0,
          "schema_version": 0,
          "attributes": {
            "id": "training-eks-xEQVsRBO20210107215532906900000002-20210107215535440100000005",
            "policy_arn": "arn:aws:iam::aws:policy/AmazonEKSServicePolicy",
            "role": "training-eks-xEQVsRBO20210107215532906900000002"
          },
          "private": "bnVsbA==",
          "dependencies": [
            "module.eks.aws_iam_role.cluster",
            "module.eks.data.aws_iam_policy_document.cluster_assume_role_policy",
            "module.eks.data.aws_partition.current",
            "random_string.suffix"
          ],
          "create_before_destroy": true
        }
      ]
    },
    {
      "module": "module.eks",
      "mode": "managed",
      "type": "aws_iam_role_policy_attachment",
      "name": "cluster_AmazonEKSVPCResourceControllerPolicy",
      "provider": "provider[\"registry.terraform.io/hashicorp/aws\"]",
      "instances": [
        {
          "index_key": 0,
          "schema_version": 0,
          "attributes": {
            "id": "training-eks-xEQVsRBO20210107215532906900000002-20210107215535291900000004",
            "policy_arn": "arn:aws:iam::aws:policy/AmazonEKSVPCResourceController",
            "role": "training-eks-xEQVsRBO20210107215532906900000002"
          },
          "private": "bnVsbA==",
          "dependencies": [
            "module.eks.aws_iam_role.cluster",
            "module.eks.data.aws_iam_policy_document.cluster_assume_role_policy",
            "module.eks.data.aws_partition.current",
            "random_string.suffix"
          ],
          "create_before_destroy": true
        }
      ]
    },
    {
      "module": "module.eks",
      "mode": "managed",
      "type": "aws_iam_role_policy_attachment",
      "name": "cluster_elb_sl_role_creation",
      "provider": "provider[\"registry.terraform.io/hashicorp/aws\"]",
      "instances": [
        {
          "index_key": 0,
          "schema_version": 0,
          "attributes": {
            "id": "training-eks-xEQVsRBO20210107215532906900000002-20210107215536105400000006",
            "policy_arn": "arn:aws:iam::195185165412:policy/training-eks-xEQVsRBO-elb-sl-role-creation20210107215532893600000001",
            "role": "training-eks-xEQVsRBO20210107215532906900000002"
          },
          "private": "bnVsbA==",
          "dependencies": [
            "module.eks.aws_iam_policy.cluster_elb_sl_role_creation",
            "module.eks.aws_iam_role.cluster",
            "module.eks.data.aws_iam_policy_document.cluster_assume_role_policy",
            "module.eks.data.aws_iam_policy_document.cluster_elb_sl_role_creation",
            "random_string.suffix"
          ]
        }
      ]
    },
    {
      "module": "module.eks",
      "mode": "managed",
      "type": "aws_iam_role_policy_attachment",
      "name": "workers_AmazonEC2ContainerRegistryReadOnly",
      "provider": "provider[\"registry.terraform.io/hashicorp/aws\"]",
      "instances": [
        {
          "index_key": 0,
          "schema_version": 0,
          "attributes": {
            "id": "training-eks-xEQVsRBO2021010722080183790000000c-20210107220804746800000010",
            "policy_arn": "arn:aws:iam::aws:policy/AmazonEC2ContainerRegistryReadOnly",
            "role": "training-eks-xEQVsRBO2021010722080183790000000c"
          },
          "private": "bnVsbA==",
          "dependencies": [
            "data.aws_availability_zones.available",
            "module.eks.aws_cloudwatch_log_group.this",
            "module.eks.aws_eks_cluster.this",
            "module.eks.aws_iam_role.cluster",
            "module.eks.aws_iam_role.workers",
            "module.eks.aws_iam_role_policy_attachment.cluster_AmazonEKSClusterPolicy",
            "module.eks.aws_iam_role_policy_attachment.cluster_AmazonEKSServicePolicy",
            "module.eks.aws_iam_role_policy_attachment.cluster_AmazonEKSVPCResourceControllerPolicy",
            "module.eks.aws_security_group.cluster",
            "module.eks.aws_security_group.workers",
            "module.eks.aws_security_group_rule.cluster_egress_internet",
            "module.eks.aws_security_group_rule.cluster_https_worker_ingress",
            "module.eks.data.aws_iam_policy_document.cluster_assume_role_policy",
            "module.eks.data.aws_iam_policy_document.workers_assume_role_policy",
            "module.eks.data.aws_iam_role.custom_cluster_iam_role",
            "module.eks.data.aws_partition.current",
            "module.vpc.aws_subnet.private",
            "module.vpc.aws_vpc.this",
            "module.vpc.aws_vpc_ipv4_cidr_block_association.this",
            "random_string.suffix"
          ],
          "create_before_destroy": true
        }
      ]
    },
    {
      "module": "module.eks",
      "mode": "managed",
      "type": "aws_iam_role_policy_attachment",
      "name": "workers_AmazonEKSWorkerNodePolicy",
      "provider": "provider[\"registry.terraform.io/hashicorp/aws\"]",
      "instances": [
        {
          "index_key": 0,
          "schema_version": 0,
          "attributes": {
            "id": "training-eks-xEQVsRBO2021010722080183790000000c-2021010722080472250000000e",
            "policy_arn": "arn:aws:iam::aws:policy/AmazonEKSWorkerNodePolicy",
            "role": "training-eks-xEQVsRBO2021010722080183790000000c"
          },
          "private": "bnVsbA==",
          "dependencies": [
            "data.aws_availability_zones.available",
            "module.eks.aws_cloudwatch_log_group.this",
            "module.eks.aws_eks_cluster.this",
            "module.eks.aws_iam_role.cluster",
            "module.eks.aws_iam_role.workers",
            "module.eks.aws_iam_role_policy_attachment.cluster_AmazonEKSClusterPolicy",
            "module.eks.aws_iam_role_policy_attachment.cluster_AmazonEKSServicePolicy",
            "module.eks.aws_iam_role_policy_attachment.cluster_AmazonEKSVPCResourceControllerPolicy",
            "module.eks.aws_security_group.cluster",
            "module.eks.aws_security_group.workers",
            "module.eks.aws_security_group_rule.cluster_egress_internet",
            "module.eks.aws_security_group_rule.cluster_https_worker_ingress",
            "module.eks.data.aws_iam_policy_document.cluster_assume_role_policy",
            "module.eks.data.aws_iam_policy_document.workers_assume_role_policy",
            "module.eks.data.aws_iam_role.custom_cluster_iam_role",
            "module.eks.data.aws_partition.current",
            "module.vpc.aws_subnet.private",
            "module.vpc.aws_vpc.this",
            "module.vpc.aws_vpc_ipv4_cidr_block_association.this",
            "random_string.suffix"
          ],
          "create_before_destroy": true
        }
      ]
    },
    {
      "module": "module.eks",
      "mode": "managed",
      "type": "aws_iam_role_policy_attachment",
      "name": "workers_AmazonEKS_CNI_Policy",
      "provider": "provider[\"registry.terraform.io/hashicorp/aws\"]",
      "instances": [
        {
          "index_key": 0,
          "schema_version": 0,
          "attributes": {
            "id": "training-eks-xEQVsRBO2021010722080183790000000c-2021010722080473550000000f",
            "policy_arn": "arn:aws:iam::aws:policy/AmazonEKS_CNI_Policy",
            "role": "training-eks-xEQVsRBO2021010722080183790000000c"
          },
          "private": "bnVsbA==",
          "dependencies": [
            "data.aws_availability_zones.available",
            "module.eks.aws_cloudwatch_log_group.this",
            "module.eks.aws_eks_cluster.this",
            "module.eks.aws_iam_role.cluster",
            "module.eks.aws_iam_role.workers",
            "module.eks.aws_iam_role_policy_attachment.cluster_AmazonEKSClusterPolicy",
            "module.eks.aws_iam_role_policy_attachment.cluster_AmazonEKSServicePolicy",
            "module.eks.aws_iam_role_policy_attachment.cluster_AmazonEKSVPCResourceControllerPolicy",
            "module.eks.aws_security_group.cluster",
            "module.eks.aws_security_group.workers",
            "module.eks.aws_security_group_rule.cluster_egress_internet",
            "module.eks.aws_security_group_rule.cluster_https_worker_ingress",
            "module.eks.data.aws_iam_policy_document.cluster_assume_role_policy",
            "module.eks.data.aws_iam_policy_document.workers_assume_role_policy",
            "module.eks.data.aws_iam_role.custom_cluster_iam_role",
            "module.eks.data.aws_partition.current",
            "module.vpc.aws_subnet.private",
            "module.vpc.aws_vpc.this",
            "module.vpc.aws_vpc_ipv4_cidr_block_association.this",
            "random_string.suffix"
          ],
          "create_before_destroy": true
        }
      ]
    },
    {
      "module": "module.eks",
      "mode": "managed",
      "type": "aws_launch_configuration",
      "name": "workers",
      "provider": "provider[\"registry.terraform.io/hashicorp/aws\"]",
      "instances": [
        {
          "index_key": 0,
          "schema_version": 0,
          "attributes": {
            "arn": "arn:aws:autoscaling:eu-west-1:195185165412:launchConfiguration:fc90b33f-4022-4a18-ab85-151e8738c4dd:launchConfigurationName/training-eks-xEQVsRBO-worker-group-120210107220807574400000011",
            "associate_public_ip_address": false,
            "ebs_block_device": [],
            "ebs_optimized": true,
            "enable_monitoring": true,
            "ephemeral_block_device": [],
            "iam_instance_profile": "training-eks-xEQVsRBO2021010722080397550000000d",
            "id": "training-eks-xEQVsRBO-worker-group-120210107220807574400000011",
            "image_id": "ami-0bf2eefa92a02a84f",
            "instance_type": "t3.small",
            "key_name": "",
            "metadata_options": [],
            "name": "training-eks-xEQVsRBO-worker-group-120210107220807574400000011",
            "name_prefix": "training-eks-xEQVsRBO-worker-group-1",
            "placement_tenancy": "",
            "root_block_device": [
              {
                "delete_on_termination": true,
                "encrypted": false,
                "iops": 0,
                "volume_size": 100,
                "volume_type": "gp2"
              }
            ],
            "security_groups": [
              "sg-09a2fb175a392bbb9",
              "sg-0d3f264ffc7b0fcaa"
            ],
            "spot_price": "",
            "user_data": null,
            "user_data_base64": "IyEvYmluL2Jhc2ggLXhlCgojIEFsbG93IHVzZXIgc3VwcGxpZWQgcHJlIHVzZXJkYXRhIGNvZGUKCgojIEJvb3RzdHJhcCBhbmQgam9pbiB0aGUgY2x1c3RlcgovZXRjL2Vrcy9ib290c3RyYXAuc2ggLS1iNjQtY2x1c3Rlci1jYSAnTFMwdExTMUNSVWRKVGlCRFJWSlVTVVpKUTBGVVJTMHRMUzB0Q2sxSlNVTjVSRU5EUVdKRFowRjNTVUpCWjBsQ1FVUkJUa0puYTNGb2EybEhPWGN3UWtGUmMwWkJSRUZXVFZKTmQwVlJXVVJXVVZGRVJYZHdjbVJYU213S1kyMDFiR1JIVm5wTlFqUllSRlJKZUUxRVJYZE9la2w1VFVSUmVFNXNiMWhFVkUxNFRVUkZkMDVVU1hsTlJGRjRUbXh2ZDBaVVJWUk5Ra1ZIUVRGVlJRcEJlRTFMWVROV2FWcFlTblZhV0ZKc1kzcERRMEZUU1hkRVVWbEtTMjlhU1doMlkwNUJVVVZDUWxGQlJHZG5SVkJCUkVORFFWRnZRMmRuUlVKQlRGUnpDbGxuUVVWWU1tVlJTazVEUkdGU2FrMUJhVXBrUjJGUmFIRkZaeTlVVlhVeE5TOXhTMDExU25GRU56ZFZVRVV6ZFc0eWVGTnFlbE5GUjNkSlZHOUViMVlLV0ZsUldYaERiVzByVDFjMU4xSkNSa0ZhYm5BeWRUUnZhMmhCWlRkcFJuZGpibXQzVEZaaVRXTmxSSEY2V0dSR2JFOWtSMk42WjFFNE5EaHZOMjlyV0FwemNrRlFSREJVZVROdVpHUlNhakZhY0hvMksxZzFOMHhQVVVaNmIzRlBhMko0YkVkR1drTnBORnB4YnpGUFRqUnZjemxUTVZnNWVWUkJWVTF5ZEhjMUNsUmlWMXBWUXpoSGFrUjRUR1ZhY0VaVWRuVkxLM1JqTTBSeGNucE5OSEpPTWtndlJrSmtiemwwZG05TmJUZE9RemhPU1VaUVRWQjFObWMzZFZFeVRYY0taVFZ4V1ZOcU5WcEhaRkpwY1hNM2JYaHJRbGd6ZG5sbGVYWkRXVlJWVURKbWVYZHBVbkJDTjA5U2JIcHpNVXhZYTJ4VE1EbG9UM00wVlc0MGFVUTRNUXBPWXpVdmRVNUNMMUZDUWtKUWJuUkNUbkJOUTBGM1JVRkJZVTFxVFVORmQwUm5XVVJXVWpCUVFWRklMMEpCVVVSQlowdHJUVUU0UjBFeFZXUkZkMFZDQ2k5M1VVWk5RVTFDUVdZNGQwUlJXVXBMYjFwSmFIWmpUa0ZSUlV4Q1VVRkVaMmRGUWtGSlVubzVaRTFaWmpRNVdIVjBNRnBUVWpCT1JsRjVTVzhyVXprS1VsRkRiRXRwUVM5SE5tUXdObEpoTVVGT1F6TnJURkZ1VDJaR1RFVllRVGxwY0UweU9EbHZTVU5EV0U1blF6ZEpWMUVyTTJNdlpFbERkMk5DVDFaWGVBcG5NR05VYUV0TVpXVjJlaXRtYW5sMmNraEtNVmR6VkVWbmFHczVVSGh0VVRoNlprWnhibFZ0Tml0bWJ6aEtVSGQyZWtsWmQwTklRMEZKTnk5VlFuRTJDbVV5YkVGc1NsVmpjSGhFZVdWeldUWmlObEpYVW5kREwzcE9WMjVqUkhKaU5XWnVUMnhrZUdkcVlYbFFWVGRUYURCeE4wcFlNbXBXWXpaTGRUbFBWMmNLVFcxUVppOVliMXB0WlVOalNsQjNURVE0Y0RreVl6UTRTSGt6TVRkTVVFZFVLMGxLTmpaMVdVOVNiVEo2UzNsVFdrcElWVkZQU2padlIyazJkR2R3TmdwVlFYQkdSVmxFT1VVeVFVOW5URFJQU1hWVlJVRXJRVmRWUVRaNVNFcG1lQ3RFYWtGelNWZE5VVFJCV1d0emJrSXJSelZSWm5kV2FGZGlRVDBLTFMwdExTMUZUa1FnUTBWU1ZFbEdTVU5CVkVVdExTMHRMUW89JyAtLWFwaXNlcnZlci1lbmRwb2ludCAnaHR0cHM6Ly9FRUZFQUVDRTBGN0NEMkZCRTVGMjVGODMxNERFNzMxRS5ncjcuZXUtd2VzdC0xLmVrcy5hbWF6b25hd3MuY29tJyAgLS1rdWJlbGV0LWV4dHJhLWFyZ3MgIiIgJ3RyYWluaW5nLWVrcy14RVFWc1JCTycKCiMgQWxsb3cgdXNlciBzdXBwbGllZCB1c2VyZGF0YSBjb2RlCmVjaG8gZm9vIGJhcgo=",
            "vpc_classic_link_id": "",
            "vpc_classic_link_security_groups": null
          },
          "private": "bnVsbA==",
          "dependencies": [
            "aws_security_group.worker_group_mgmt_one",
            "data.aws_availability_zones.available",
            "module.eks.aws_cloudwatch_log_group.this",
            "module.eks.aws_eks_cluster.this",
            "module.eks.aws_iam_instance_profile.workers",
            "module.eks.aws_iam_role.cluster",
            "module.eks.aws_iam_role.workers",
            "module.eks.aws_iam_role_policy_attachment.cluster_AmazonEKSClusterPolicy",
            "module.eks.aws_iam_role_policy_attachment.cluster_AmazonEKSServicePolicy",
            "module.eks.aws_iam_role_policy_attachment.cluster_AmazonEKSVPCResourceControllerPolicy",
            "module.eks.aws_iam_role_policy_attachment.workers_AmazonEC2ContainerRegistryReadOnly",
            "module.eks.aws_iam_role_policy_attachment.workers_AmazonEKSWorkerNodePolicy",
            "module.eks.aws_iam_role_policy_attachment.workers_AmazonEKS_CNI_Policy",
            "module.eks.aws_iam_role_policy_attachment.workers_additional_policies",
            "module.eks.aws_security_group.cluster",
            "module.eks.aws_security_group.workers",
            "module.eks.aws_security_group_rule.cluster_egress_internet",
            "module.eks.aws_security_group_rule.cluster_https_worker_ingress",
            "module.eks.aws_security_group_rule.cluster_primary_ingress_workers",
            "module.eks.aws_security_group_rule.workers_egress_internet",
            "module.eks.aws_security_group_rule.workers_ingress_cluster",
            "module.eks.aws_security_group_rule.workers_ingress_cluster_https",
            "module.eks.aws_security_group_rule.workers_ingress_cluster_kubelet",
            "module.eks.aws_security_group_rule.workers_ingress_cluster_primary",
            "module.eks.aws_security_group_rule.workers_ingress_self",
            "module.eks.data.aws_ami.eks_worker",
            "module.eks.data.aws_ami.eks_worker_windows",
            "module.eks.data.aws_iam_instance_profile.custom_worker_group_iam_instance_profile",
            "module.eks.data.aws_iam_policy_document.cluster_assume_role_policy",
            "module.eks.data.aws_iam_policy_document.workers_assume_role_policy",
            "module.eks.data.aws_iam_role.custom_cluster_iam_role",
            "module.eks.data.aws_partition.current",
            "module.eks.data.template_file.userdata",
            "module.vpc.aws_subnet.private",
            "module.vpc.aws_vpc.this",
            "module.vpc.aws_vpc_ipv4_cidr_block_association.this",
            "random_string.suffix"
          ],
          "create_before_destroy": true
        }
      ]
    },
    {
      "module": "module.eks",
      "mode": "managed",
      "type": "aws_security_group",
      "name": "cluster",
      "provider": "provider[\"registry.terraform.io/hashicorp/aws\"]",
      "instances": [
        {
          "index_key": 0,
          "schema_version": 1,
          "attributes": {
            "arn": "arn:aws:ec2:eu-west-1:195185165412:security-group/sg-02d7142494f5371b4",
            "description": "EKS cluster security group.",
            "egress": [],
            "id": "sg-02d7142494f5371b4",
            "ingress": [],
            "name": "training-eks-xEQVsRBO2021010721554232660000000a",
            "name_prefix": "training-eks-xEQVsRBO",
            "owner_id": "195185165412",
            "revoke_rules_on_delete": false,
            "tags": {
              "Environment": "training",
              "GithubOrg": "terraform-aws-modules",
              "GithubRepo": "terraform-aws-eks",
              "Name": "training-eks-xEQVsRBO-eks_cluster_sg"
            },
            "timeouts": null,
            "vpc_id": "vpc-0ff51ad219edf210f"
          },
          "private": "eyJlMmJmYjczMC1lY2FhLTExZTYtOGY4OC0zNDM2M2JjN2M0YzAiOnsiY3JlYXRlIjo2MDAwMDAwMDAwMDAsImRlbGV0ZSI6NjAwMDAwMDAwMDAwfSwic2NoZW1hX3ZlcnNpb24iOiIxIn0=",
          "dependencies": [
            "module.vpc.aws_vpc.this",
            "random_string.suffix"
          ],
          "create_before_destroy": true
        }
      ]
    },
    {
      "module": "module.eks",
      "mode": "managed",
      "type": "aws_security_group",
      "name": "workers",
      "provider": "provider[\"registry.terraform.io/hashicorp/aws\"]",
      "instances": [
        {
          "index_key": 0,
          "schema_version": 1,
          "attributes": {
            "arn": "arn:aws:ec2:eu-west-1:195185165412:security-group/sg-09a2fb175a392bbb9",
            "description": "Security group for all nodes in the cluster.",
            "egress": [],
            "id": "sg-09a2fb175a392bbb9",
            "ingress": [],
            "name": "training-eks-xEQVsRBO2021010721554239650000000b",
            "name_prefix": "training-eks-xEQVsRBO",
            "owner_id": "195185165412",
            "revoke_rules_on_delete": false,
            "tags": {
              "Environment": "training",
              "GithubOrg": "terraform-aws-modules",
              "GithubRepo": "terraform-aws-eks",
              "Name": "training-eks-xEQVsRBO-eks_worker_sg",
              "kubernetes.io/cluster/training-eks-xEQVsRBO": "owned"
            },
            "timeouts": null,
            "vpc_id": "vpc-0ff51ad219edf210f"
          },
          "private": "eyJlMmJmYjczMC1lY2FhLTExZTYtOGY4OC0zNDM2M2JjN2M0YzAiOnsiY3JlYXRlIjo2MDAwMDAwMDAwMDAsImRlbGV0ZSI6NjAwMDAwMDAwMDAwfSwic2NoZW1hX3ZlcnNpb24iOiIxIn0=",
          "dependencies": [
            "module.vpc.aws_vpc.this",
            "random_string.suffix"
          ],
          "create_before_destroy": true
        }
      ]
    },
    {
      "module": "module.eks",
      "mode": "managed",
      "type": "aws_security_group_rule",
      "name": "cluster_egress_internet",
      "provider": "provider[\"registry.terraform.io/hashicorp/aws\"]",
      "instances": [
        {
          "index_key": 0,
          "schema_version": 2,
          "attributes": {
            "cidr_blocks": [
              "0.0.0.0/0"
            ],
            "description": "Allow cluster egress access to the Internet.",
            "from_port": 0,
            "id": "sgrule-2215579312",
            "ipv6_cidr_blocks": null,
            "prefix_list_ids": null,
            "protocol": "-1",
            "security_group_id": "sg-02d7142494f5371b4",
            "self": false,
            "source_security_group_id": null,
            "to_port": 0,
            "type": "egress"
          },
          "private": "eyJzY2hlbWFfdmVyc2lvbiI6IjIifQ==",
          "dependencies": [
            "module.eks.aws_security_group.cluster",
            "module.vpc.aws_vpc.this",
            "random_string.suffix"
          ],
          "create_before_destroy": true
        }
      ]
    },
    {
      "module": "module.eks",
      "mode": "managed",
      "type": "aws_security_group_rule",
      "name": "cluster_https_worker_ingress",
      "provider": "provider[\"registry.terraform.io/hashicorp/aws\"]",
      "instances": [
        {
          "index_key": 0,
          "schema_version": 2,
          "attributes": {
            "cidr_blocks": null,
            "description": "Allow pods to communicate with the EKS cluster API.",
            "from_port": 443,
            "id": "sgrule-1577410716",
            "ipv6_cidr_blocks": null,
            "prefix_list_ids": null,
            "protocol": "tcp",
            "security_group_id": "sg-02d7142494f5371b4",
            "self": false,
            "source_security_group_id": "sg-09a2fb175a392bbb9",
            "to_port": 443,
            "type": "ingress"
          },
          "private": "eyJzY2hlbWFfdmVyc2lvbiI6IjIifQ==",
          "dependencies": [
            "module.eks.aws_security_group.cluster",
            "module.eks.aws_security_group.workers",
            "module.vpc.aws_vpc.this",
            "random_string.suffix"
          ],
          "create_before_destroy": true
        }
      ]
    },
    {
      "module": "module.eks",
      "mode": "managed",
      "type": "aws_security_group_rule",
      "name": "workers_egress_internet",
      "provider": "provider[\"registry.terraform.io/hashicorp/aws\"]",
      "instances": [
        {
          "index_key": 0,
          "schema_version": 2,
          "attributes": {
            "cidr_blocks": [
              "0.0.0.0/0"
            ],
            "description": "Allow nodes all egress to the Internet.",
            "from_port": 0,
            "id": "sgrule-3053865936",
            "ipv6_cidr_blocks": null,
            "prefix_list_ids": null,
            "protocol": "-1",
            "security_group_id": "sg-09a2fb175a392bbb9",
            "self": false,
            "source_security_group_id": null,
            "to_port": 0,
            "type": "egress"
          },
          "private": "eyJzY2hlbWFfdmVyc2lvbiI6IjIifQ==",
          "dependencies": [
            "module.eks.aws_security_group.workers",
            "module.vpc.aws_vpc.this",
            "random_string.suffix"
          ],
          "create_before_destroy": true
        }
      ]
    },
    {
      "module": "module.eks",
      "mode": "managed",
      "type": "aws_security_group_rule",
      "name": "workers_ingress_cluster",
      "provider": "provider[\"registry.terraform.io/hashicorp/aws\"]",
      "instances": [
        {
          "index_key": 0,
          "schema_version": 2,
          "attributes": {
            "cidr_blocks": null,
            "description": "Allow workers pods to receive communication from the cluster control plane.",
            "from_port": 1025,
            "id": "sgrule-88482579",
            "ipv6_cidr_blocks": null,
            "prefix_list_ids": null,
            "protocol": "tcp",
            "security_group_id": "sg-09a2fb175a392bbb9",
            "self": false,
            "source_security_group_id": "sg-02d7142494f5371b4",
            "to_port": 65535,
            "type": "ingress"
          },
          "private": "eyJzY2hlbWFfdmVyc2lvbiI6IjIifQ==",
          "dependencies": [
            "module.eks.aws_security_group.cluster",
            "module.eks.aws_security_group.workers",
            "module.vpc.aws_vpc.this",
            "random_string.suffix"
          ],
          "create_before_destroy": true
        }
      ]
    },
    {
      "module": "module.eks",
      "mode": "managed",
      "type": "aws_security_group_rule",
      "name": "workers_ingress_cluster_https",
      "provider": "provider[\"registry.terraform.io/hashicorp/aws\"]",
      "instances": [
        {
          "index_key": 0,
          "schema_version": 2,
          "attributes": {
            "cidr_blocks": null,
            "description": "Allow pods running extension API servers on port 443 to receive communication from cluster control plane.",
            "from_port": 443,
            "id": "sgrule-418336923",
            "ipv6_cidr_blocks": null,
            "prefix_list_ids": null,
            "protocol": "tcp",
            "security_group_id": "sg-09a2fb175a392bbb9",
            "self": false,
            "source_security_group_id": "sg-02d7142494f5371b4",
            "to_port": 443,
            "type": "ingress"
          },
          "private": "eyJzY2hlbWFfdmVyc2lvbiI6IjIifQ==",
          "dependencies": [
            "module.eks.aws_security_group.cluster",
            "module.eks.aws_security_group.workers",
            "module.vpc.aws_vpc.this",
            "random_string.suffix"
          ],
          "create_before_destroy": true
        }
      ]
    },
    {
      "module": "module.eks",
      "mode": "managed",
      "type": "aws_security_group_rule",
      "name": "workers_ingress_self",
      "provider": "provider[\"registry.terraform.io/hashicorp/aws\"]",
      "instances": [
        {
          "index_key": 0,
          "schema_version": 2,
          "attributes": {
            "cidr_blocks": null,
            "description": "Allow node to communicate with each other.",
            "from_port": 0,
            "id": "sgrule-2221433453",
            "ipv6_cidr_blocks": null,
            "prefix_list_ids": null,
            "protocol": "-1",
            "security_group_id": "sg-09a2fb175a392bbb9",
            "self": false,
            "source_security_group_id": "sg-09a2fb175a392bbb9",
            "to_port": 65535,
            "type": "ingress"
          },
          "private": "eyJzY2hlbWFfdmVyc2lvbiI6IjIifQ==",
          "dependencies": [
            "module.eks.aws_security_group.workers",
            "module.vpc.aws_vpc.this",
            "random_string.suffix"
          ],
          "create_before_destroy": true
        }
      ]
    },
    {
      "module": "module.eks",
      "mode": "managed",
      "type": "kubernetes_config_map",
      "name": "aws_auth",
      "provider": "provider[\"registry.terraform.io/hashicorp/kubernetes\"]",
      "instances": [
        {
          "index_key": 0,
          "schema_version": 0,
          "attributes": {
            "binary_data": null,
            "data": {
              "mapAccounts": "[]\n",
              "mapRoles": "- \"groups\":\n  - \"system:bootstrappers\"\n  - \"system:nodes\"\n  \"rolearn\": \"arn:aws:iam::195185165412:role/training-eks-xEQVsRBO2021010722080183790000000c\"\n  \"username\": \"system:node:{{EC2PrivateDNSName}}\"\n",
              "mapUsers": "[]\n"
            },
            "id": "kube-system/aws-auth",
            "metadata": [
              {
                "annotations": null,
                "generate_name": "",
                "generation": 0,
                "labels": {
                  "app.kubernetes.io/managed-by": "Terraform",
                  "terraform.io/module": "terraform-aws-modules.eks.aws"
                },
                "name": "aws-auth",
                "namespace": "kube-system",
                "resource_version": "1188",
                "self_link": "/api/v1/namespaces/kube-system/configmaps/aws-auth",
                "uid": "1ef7003c-3fe2-4226-9d0f-df9e0ce1769e"
              }
            ]
          },
          "private": "bnVsbA==",
          "dependencies": [
            "aws_security_group.worker_group_mgmt_one",
            "data.aws_availability_zones.available",
            "data.aws_eks_cluster.cluster",
            "data.aws_eks_cluster_auth.cluster",
            "module.eks.aws_cloudwatch_log_group.this",
            "module.eks.aws_eks_cluster.this",
            "module.eks.aws_iam_instance_profile.workers",
            "module.eks.aws_iam_instance_profile.workers_launch_template",
            "module.eks.aws_iam_role.cluster",
            "module.eks.aws_iam_role.workers",
            "module.eks.aws_iam_role_policy_attachment.cluster_AmazonEKSClusterPolicy",
            "module.eks.aws_iam_role_policy_attachment.cluster_AmazonEKSServicePolicy",
            "module.eks.aws_iam_role_policy_attachment.cluster_AmazonEKSVPCResourceControllerPolicy",
            "module.eks.aws_security_group.cluster",
            "module.eks.aws_security_group.workers",
            "module.eks.aws_security_group_rule.cluster_egress_internet",
            "module.eks.aws_security_group_rule.cluster_https_worker_ingress",
            "module.eks.aws_security_group_rule.cluster_private_access",
            "module.eks.data.aws_ami.eks_worker",
            "module.eks.data.aws_caller_identity.current",
            "module.eks.data.aws_iam_instance_profile.custom_worker_group_iam_instance_profile",
            "module.eks.data.aws_iam_instance_profile.custom_worker_group_launch_template_iam_instance_profile",
            "module.eks.data.aws_iam_policy_document.cluster_assume_role_policy",
            "module.eks.data.aws_iam_policy_document.workers_assume_role_policy",
            "module.eks.data.aws_iam_role.custom_cluster_iam_role",
            "module.eks.data.aws_partition.current",
            "module.eks.module.fargate.aws_iam_role.eks_fargate_pod",
            "module.eks.module.fargate.data.aws_iam_role.custom_fargate_iam_role",
            "module.eks.null_resource.wait_for_cluster",
            "module.vpc.aws_subnet.private",
            "module.vpc.aws_vpc.this",
            "module.vpc.aws_vpc_ipv4_cidr_block_association.this",
            "random_string.suffix"
          ]
        }
      ]
    },
    {
      "module": "module.eks",
      "mode": "managed",
      "type": "local_file",
      "name": "kubeconfig",
      "provider": "provider[\"registry.terraform.io/hashicorp/local\"]",
      "instances": [
        {
          "index_key": 0,
          "schema_version": 0,
          "attributes": {
            "content": "apiVersion: v1\npreferences: {}\nkind: Config\n\nclusters:\n- cluster:\n    server: https://EEFEAECE0F7CD2FBE5F25F8314DE731E.gr7.eu-west-1.eks.amazonaws.com\n    certificate-authority-data: LS0tLS1CRUdJTiBDRVJUSUZJQ0FURS0tLS0tCk1JSUN5RENDQWJDZ0F3SUJBZ0lCQURBTkJna3Foa2lHOXcwQkFRc0ZBREFWTVJNd0VRWURWUVFERXdwcmRXSmwKY201bGRHVnpNQjRYRFRJeE1ERXdOekl5TURReE5sb1hEVE14TURFd05USXlNRFF4Tmxvd0ZURVRNQkVHQTFVRQpBeE1LYTNWaVpYSnVaWFJsY3pDQ0FTSXdEUVlKS29aSWh2Y05BUUVCQlFBRGdnRVBBRENDQVFvQ2dnRUJBTFRzCllnQUVYMmVRSk5DRGFSak1BaUpkR2FRaHFFZy9UVXUxNS9xS011SnFENzdVUEUzdW4yeFNqelNFR3dJVG9Eb1YKWFlRWXhDbW0rT1c1N1JCRkFabnAydTRva2hBZTdpRndjbmt3TFZiTWNlRHF6WGRGbE9kR2N6Z1E4NDhvN29rWApzckFQRDBUeTNuZGRSajFacHo2K1g1N0xPUUZ6b3FPa2J4bEdGWkNpNFpxbzFPTjRvczlTMVg5eVRBVU1ydHc1ClRiV1pVQzhHakR4TGVacEZUdnVLK3RjM0RxcnpNNHJOMkgvRkJkbzl0dm9NbTdOQzhOSUZQTVB1Nmc3dVEyTXcKZTVxWVNqNVpHZFJpcXM3bXhrQlgzdnlleXZDWVRVUDJmeXdpUnBCN09SbHpzMUxYa2xTMDloT3M0VW40aUQ4MQpOYzUvdU5CL1FCQkJQbnRCTnBNQ0F3RUFBYU1qTUNFd0RnWURWUjBQQVFIL0JBUURBZ0trTUE4R0ExVWRFd0VCCi93UUZNQU1CQWY4d0RRWUpLb1pJaHZjTkFRRUxCUUFEZ2dFQkFJUno5ZE1ZZjQ5WHV0MFpTUjBORlF5SW8rUzkKUlFDbEtpQS9HNmQwNlJhMUFOQzNrTFFuT2ZGTEVYQTlpcE0yODlvSUNDWE5nQzdJV1ErM2MvZElDd2NCT1ZXeApnMGNUaEtMZWV2eitmanl2ckhKMVdzVEVnaGs5UHhtUTh6ZkZxblVtNitmbzhKUHd2eklZd0NIQ0FJNy9VQnE2CmUybEFsSlVjcHhEeWVzWTZiNlJXUndDL3pOV25jRHJiNWZuT2xkeGdqYXlQVTdTaDBxN0pYMmpWYzZLdTlPV2cKTW1QZi9Yb1ptZUNjSlB3TEQ4cDkyYzQ4SHkzMTdMUEdUK0lKNjZ1WU9SbTJ6S3lTWkpIVVFPSjZvR2k2dGdwNgpVQXBGRVlEOUUyQU9nTDRPSXVVRUErQVdVQTZ5SEpmeCtEakFzSVdNUTRBWWtzbkIrRzVRZndWaFdiQT0KLS0tLS1FTkQgQ0VSVElGSUNBVEUtLS0tLQo=\n  name: eks_training-eks-xEQVsRBO\n\ncontexts:\n- context:\n    cluster: eks_training-eks-xEQVsRBO\n    user: eks_training-eks-xEQVsRBO\n  name: eks_training-eks-xEQVsRBO\n\ncurrent-context: eks_training-eks-xEQVsRBO\n\nusers:\n- name: eks_training-eks-xEQVsRBO\n  user:\n    exec:\n      apiVersion: client.authentication.k8s.io/v1alpha1\n      command: aws-iam-authenticator\n      args:\n        - \"token\"\n        - \"-i\"\n        - \"training-eks-xEQVsRBO\"\n",
            "content_base64": null,
            "directory_permission": "0755",
            "file_permission": "0644",
            "filename": "./kubeconfig_training-eks-xEQVsRBO",
            "id": "befc24bedab32cba212db8376e8b66f100a52698",
            "sensitive_content": null
          },
          "private": "bnVsbA==",
          "dependencies": [
            "data.aws_availability_zones.available",
            "module.eks.aws_cloudwatch_log_group.this",
            "module.eks.aws_eks_cluster.this",
            "module.eks.aws_iam_role.cluster",
            "module.eks.aws_iam_role_policy_attachment.cluster_AmazonEKSClusterPolicy",
            "module.eks.aws_iam_role_policy_attachment.cluster_AmazonEKSServicePolicy",
            "module.eks.aws_iam_role_policy_attachment.cluster_AmazonEKSVPCResourceControllerPolicy",
            "module.eks.aws_security_group.cluster",
            "module.eks.aws_security_group.workers",
            "module.eks.aws_security_group_rule.cluster_egress_internet",
            "module.eks.aws_security_group_rule.cluster_https_worker_ingress",
            "module.eks.data.aws_iam_policy_document.cluster_assume_role_policy",
            "module.eks.data.aws_iam_role.custom_cluster_iam_role",
            "module.eks.data.aws_partition.current",
            "module.vpc.aws_subnet.private",
            "module.vpc.aws_vpc.this",
            "module.vpc.aws_vpc_ipv4_cidr_block_association.this",
            "random_string.suffix"
          ]
        }
      ]
    },
    {
      "module": "module.eks",
      "mode": "managed",
      "type": "null_resource",
      "name": "wait_for_cluster",
      "provider": "provider[\"registry.terraform.io/hashicorp/null\"]",
      "instances": [
        {
          "index_key": 0,
          "schema_version": 0,
          "attributes": {
            "id": "2360252751960566508",
            "triggers": null
          },
          "private": "bnVsbA==",
          "dependencies": [
            "data.aws_availability_zones.available",
            "module.eks.aws_cloudwatch_log_group.this",
            "module.eks.aws_eks_cluster.this",
            "module.eks.aws_iam_role.cluster",
            "module.eks.aws_iam_role_policy_attachment.cluster_AmazonEKSClusterPolicy",
            "module.eks.aws_iam_role_policy_attachment.cluster_AmazonEKSServicePolicy",
            "module.eks.aws_iam_role_policy_attachment.cluster_AmazonEKSVPCResourceControllerPolicy",
            "module.eks.aws_security_group.cluster",
            "module.eks.aws_security_group.workers",
            "module.eks.aws_security_group_rule.cluster_egress_internet",
            "module.eks.aws_security_group_rule.cluster_https_worker_ingress",
            "module.eks.aws_security_group_rule.cluster_private_access",
            "module.eks.data.aws_iam_policy_document.cluster_assume_role_policy",
            "module.eks.data.aws_iam_role.custom_cluster_iam_role",
            "module.eks.data.aws_partition.current",
            "module.vpc.aws_subnet.private",
            "module.vpc.aws_vpc.this",
            "module.vpc.aws_vpc_ipv4_cidr_block_association.this",
            "random_string.suffix"
          ]
        }
      ]
    },
    {
      "module": "module.eks",
      "mode": "managed",
      "type": "random_pet",
      "name": "workers",
      "provider": "provider[\"registry.terraform.io/hashicorp/random\"]",
      "instances": [
        {
          "index_key": 0,
          "schema_version": 0,
          "attributes": {
            "id": "genuine-osprey",
            "keepers": {
              "lc_name": "training-eks-xEQVsRBO-worker-group-120210107220807574400000011"
            },
            "length": 2,
            "prefix": null,
            "separator": "-"
          },
          "private": "bnVsbA==",
          "dependencies": [
            "aws_security_group.worker_group_mgmt_one",
            "data.aws_availability_zones.available",
            "module.eks.aws_cloudwatch_log_group.this",
            "module.eks.aws_eks_cluster.this",
            "module.eks.aws_iam_instance_profile.workers",
            "module.eks.aws_iam_role.cluster",
            "module.eks.aws_iam_role.workers",
            "module.eks.aws_iam_role_policy_attachment.cluster_AmazonEKSClusterPolicy",
            "module.eks.aws_iam_role_policy_attachment.cluster_AmazonEKSServicePolicy",
            "module.eks.aws_iam_role_policy_attachment.cluster_AmazonEKSVPCResourceControllerPolicy",
            "module.eks.aws_iam_role_policy_attachment.workers_AmazonEC2ContainerRegistryReadOnly",
            "module.eks.aws_iam_role_policy_attachment.workers_AmazonEKSWorkerNodePolicy",
            "module.eks.aws_iam_role_policy_attachment.workers_AmazonEKS_CNI_Policy",
            "module.eks.aws_iam_role_policy_attachment.workers_additional_policies",
            "module.eks.aws_launch_configuration.workers",
            "module.eks.aws_security_group.cluster",
            "module.eks.aws_security_group.workers",
            "module.eks.aws_security_group_rule.cluster_egress_internet",
            "module.eks.aws_security_group_rule.cluster_https_worker_ingress",
            "module.eks.aws_security_group_rule.cluster_primary_ingress_workers",
            "module.eks.aws_security_group_rule.workers_egress_internet",
            "module.eks.aws_security_group_rule.workers_ingress_cluster",
            "module.eks.aws_security_group_rule.workers_ingress_cluster_https",
            "module.eks.aws_security_group_rule.workers_ingress_cluster_kubelet",
            "module.eks.aws_security_group_rule.workers_ingress_cluster_primary",
            "module.eks.aws_security_group_rule.workers_ingress_self",
            "module.eks.data.aws_ami.eks_worker",
            "module.eks.data.aws_ami.eks_worker_windows",
            "module.eks.data.aws_iam_instance_profile.custom_worker_group_iam_instance_profile",
            "module.eks.data.aws_iam_policy_document.cluster_assume_role_policy",
            "module.eks.data.aws_iam_policy_document.workers_assume_role_policy",
            "module.eks.data.aws_iam_role.custom_cluster_iam_role",
            "module.eks.data.aws_partition.current",
            "module.eks.data.template_file.userdata",
            "module.vpc.aws_subnet.private",
            "module.vpc.aws_vpc.this",
            "module.vpc.aws_vpc_ipv4_cidr_block_association.this",
            "random_string.suffix"
          ],
          "create_before_destroy": true
        }
      ]
    },
    {
      "module": "module.vpc",
      "mode": "managed",
      "type": "aws_eip",
      "name": "nat",
      "provider": "provider[\"registry.terraform.io/hashicorp/aws\"]",
      "instances": [
        {
          "index_key": 0,
          "schema_version": 0,
          "attributes": {
            "allocation_id": null,
            "associate_with_private_ip": null,
            "association_id": "",
            "carrier_ip": "",
            "customer_owned_ip": "",
            "customer_owned_ipv4_pool": "",
            "domain": "vpc",
            "id": "eipalloc-0caac8606d3c1cfd4",
            "instance": "",
            "network_border_group": "eu-west-1",
            "network_interface": "",
            "private_dns": null,
            "private_ip": "",
            "public_dns": "ec2-54-220-112-111.eu-west-1.compute.amazonaws.com",
            "public_ip": "54.220.112.111",
            "public_ipv4_pool": "amazon",
            "tags": {
              "Name": "training-vpc-eu-west-1a",
              "kubernetes.io/cluster/training-eks-xEQVsRBO": "shared"
            },
            "timeouts": null,
            "vpc": true
          },
          "private": "eyJlMmJmYjczMC1lY2FhLTExZTYtOGY4OC0zNDM2M2JjN2M0YzAiOnsiZGVsZXRlIjoxODAwMDAwMDAwMDAsInJlYWQiOjkwMDAwMDAwMDAwMCwidXBkYXRlIjozMDAwMDAwMDAwMDB9fQ==",
          "dependencies": [
            "data.aws_availability_zones.available",
            "random_string.suffix"
          ]
        }
      ]
    },
    {
      "module": "module.vpc",
      "mode": "managed",
      "type": "aws_internet_gateway",
      "name": "this",
      "provider": "provider[\"registry.terraform.io/hashicorp/aws\"]",
      "instances": [
        {
          "index_key": 0,
          "schema_version": 0,
          "attributes": {
            "arn": "arn:aws:ec2:eu-west-1:195185165412:internet-gateway/igw-0021ac9ffc56db7ae",
            "id": "igw-0021ac9ffc56db7ae",
            "owner_id": "195185165412",
            "tags": {
              "Name": "training-vpc",
              "kubernetes.io/cluster/training-eks-xEQVsRBO": "shared"
            },
            "vpc_id": "vpc-0ff51ad219edf210f"
          },
          "private": "bnVsbA==",
          "dependencies": [
            "module.vpc.aws_vpc.this",
            "module.vpc.aws_vpc_ipv4_cidr_block_association.this",
            "random_string.suffix"
          ]
        }
      ]
    },
    {
      "module": "module.vpc",
      "mode": "managed",
      "type": "aws_nat_gateway",
      "name": "this",
      "provider": "provider[\"registry.terraform.io/hashicorp/aws\"]",
      "instances": [
        {
          "index_key": 0,
          "schema_version": 0,
          "attributes": {
            "allocation_id": "eipalloc-0caac8606d3c1cfd4",
            "id": "nat-020fc4aaa50f23337",
            "network_interface_id": "eni-0d0704af5e7659301",
            "private_ip": "10.0.4.41",
            "public_ip": "54.220.112.111",
            "subnet_id": "subnet-0289ba5f87b34530c",
            "tags": {
              "Name": "training-vpc-eu-west-1a",
              "kubernetes.io/cluster/training-eks-xEQVsRBO": "shared"
            }
          },
          "private": "bnVsbA==",
          "dependencies": [
            "data.aws_availability_zones.available",
            "module.vpc.aws_eip.nat",
            "module.vpc.aws_internet_gateway.this",
            "module.vpc.aws_subnet.public",
            "module.vpc.aws_vpc.this",
            "module.vpc.aws_vpc_ipv4_cidr_block_association.this",
            "random_string.suffix"
          ]
        }
      ]
    },
    {
      "module": "module.vpc",
      "mode": "managed",
      "type": "aws_route",
      "name": "private_nat_gateway",
      "provider": "provider[\"registry.terraform.io/hashicorp/aws\"]",
      "instances": [
        {
          "index_key": 0,
          "schema_version": 0,
          "attributes": {
            "destination_cidr_block": "0.0.0.0/0",
            "destination_ipv6_cidr_block": "",
            "destination_prefix_list_id": "",
            "egress_only_gateway_id": "",
            "gateway_id": "",
            "id": "r-rtb-03d70d9e4c0c39a2e1080289494",
            "instance_id": "",
            "instance_owner_id": "",
            "local_gateway_id": "",
            "nat_gateway_id": "nat-020fc4aaa50f23337",
            "network_interface_id": "",
            "origin": "CreateRoute",
            "route_table_id": "rtb-03d70d9e4c0c39a2e",
            "state": "active",
            "timeouts": {
              "create": "5m",
              "delete": null
            },
            "transit_gateway_id": "",
            "vpc_endpoint_id": null,
            "vpc_peering_connection_id": ""
          },
          "private": "eyJlMmJmYjczMC1lY2FhLTExZTYtOGY4OC0zNDM2M2JjN2M0YzAiOnsiY3JlYXRlIjozMDAwMDAwMDAwMDAsImRlbGV0ZSI6MzAwMDAwMDAwMDAwfX0=",
          "dependencies": [
            "data.aws_availability_zones.available",
            "module.vpc.aws_eip.nat",
            "module.vpc.aws_internet_gateway.this",
            "module.vpc.aws_nat_gateway.this",
            "module.vpc.aws_route_table.private",
            "module.vpc.aws_subnet.public",
            "module.vpc.aws_vpc.this",
            "module.vpc.aws_vpc_ipv4_cidr_block_association.this",
            "random_string.suffix"
          ]
        }
      ]
    },
    {
      "module": "module.vpc",
      "mode": "managed",
      "type": "aws_route",
      "name": "public_internet_gateway",
      "provider": "provider[\"registry.terraform.io/hashicorp/aws\"]",
      "instances": [
        {
          "index_key": 0,
          "schema_version": 0,
          "attributes": {
            "destination_cidr_block": "0.0.0.0/0",
            "destination_ipv6_cidr_block": "",
            "destination_prefix_list_id": "",
            "egress_only_gateway_id": "",
            "gateway_id": "igw-0021ac9ffc56db7ae",
            "id": "r-rtb-0adc60578dd5478921080289494",
            "instance_id": "",
            "instance_owner_id": "",
            "local_gateway_id": "",
            "nat_gateway_id": "",
            "network_interface_id": "",
            "origin": "CreateRoute",
            "route_table_id": "rtb-0adc60578dd547892",
            "state": "active",
            "timeouts": {
              "create": "5m",
              "delete": null
            },
            "transit_gateway_id": "",
            "vpc_endpoint_id": null,
            "vpc_peering_connection_id": ""
          },
          "private": "eyJlMmJmYjczMC1lY2FhLTExZTYtOGY4OC0zNDM2M2JjN2M0YzAiOnsiY3JlYXRlIjozMDAwMDAwMDAwMDAsImRlbGV0ZSI6MzAwMDAwMDAwMDAwfX0=",
          "dependencies": [
            "module.vpc.aws_internet_gateway.this",
            "module.vpc.aws_route_table.public",
            "module.vpc.aws_vpc.this",
            "module.vpc.aws_vpc_ipv4_cidr_block_association.this",
            "random_string.suffix"
          ]
        }
      ]
    },
    {
      "module": "module.vpc",
      "mode": "managed",
      "type": "aws_route_table",
      "name": "private",
      "provider": "provider[\"registry.terraform.io/hashicorp/aws\"]",
      "instances": [
        {
          "index_key": 0,
          "schema_version": 0,
          "attributes": {
            "id": "rtb-03d70d9e4c0c39a2e",
            "owner_id": "195185165412",
            "propagating_vgws": [],
            "route": [],
            "tags": {
              "Name": "training-vpc-private",
              "kubernetes.io/cluster/training-eks-xEQVsRBO": "shared"
            },
            "vpc_id": "vpc-0ff51ad219edf210f"
          },
          "private": "bnVsbA==",
          "dependencies": [
            "data.aws_availability_zones.available",
            "module.vpc.aws_vpc.this",
            "module.vpc.aws_vpc_ipv4_cidr_block_association.this",
            "random_string.suffix"
          ]
        }
      ]
    },
    {
      "module": "module.vpc",
      "mode": "managed",
      "type": "aws_route_table",
      "name": "public",
      "provider": "provider[\"registry.terraform.io/hashicorp/aws\"]",
      "instances": [
        {
          "index_key": 0,
          "schema_version": 0,
          "attributes": {
            "id": "rtb-0adc60578dd547892",
            "owner_id": "195185165412",
            "propagating_vgws": [],
            "route": [],
            "tags": {
              "Name": "training-vpc-public",
              "kubernetes.io/cluster/training-eks-xEQVsRBO": "shared"
            },
            "vpc_id": "vpc-0ff51ad219edf210f"
          },
          "private": "bnVsbA==",
          "dependencies": [
            "module.vpc.aws_vpc.this",
            "module.vpc.aws_vpc_ipv4_cidr_block_association.this",
            "random_string.suffix"
          ]
        }
      ]
    },
    {
      "module": "module.vpc",
      "mode": "managed",
      "type": "aws_route_table_association",
      "name": "private",
      "provider": "provider[\"registry.terraform.io/hashicorp/aws\"]",
      "instances": [
        {
          "index_key": 0,
          "schema_version": 0,
          "attributes": {
            "gateway_id": null,
            "id": "rtbassoc-01caac98090b76801",
            "route_table_id": "rtb-03d70d9e4c0c39a2e",
            "subnet_id": "subnet-0bf4e97d43366a3c0"
          },
          "private": "bnVsbA==",
          "dependencies": [
            "data.aws_availability_zones.available",
            "module.vpc.aws_route_table.private",
            "module.vpc.aws_subnet.private",
            "module.vpc.aws_vpc.this",
            "module.vpc.aws_vpc_ipv4_cidr_block_association.this",
            "random_string.suffix"
          ]
        },
        {
          "index_key": 1,
          "schema_version": 0,
          "attributes": {
            "gateway_id": null,
            "id": "rtbassoc-05c07b3204046cdb1",
            "route_table_id": "rtb-03d70d9e4c0c39a2e",
            "subnet_id": "subnet-0f1f71b912aec6dca"
          },
          "private": "bnVsbA==",
          "dependencies": [
            "data.aws_availability_zones.available",
            "module.vpc.aws_route_table.private",
            "module.vpc.aws_subnet.private",
            "module.vpc.aws_vpc.this",
            "module.vpc.aws_vpc_ipv4_cidr_block_association.this",
            "random_string.suffix"
          ]
        },
        {
          "index_key": 2,
          "schema_version": 0,
          "attributes": {
            "gateway_id": null,
            "id": "rtbassoc-00f7c5e6433c95d3d",
            "route_table_id": "rtb-03d70d9e4c0c39a2e",
            "subnet_id": "subnet-00ca9e1c4f3d5f91b"
          },
          "private": "bnVsbA==",
          "dependencies": [
            "data.aws_availability_zones.available",
            "module.vpc.aws_route_table.private",
            "module.vpc.aws_subnet.private",
            "module.vpc.aws_vpc.this",
            "module.vpc.aws_vpc_ipv4_cidr_block_association.this",
            "random_string.suffix"
          ]
        }
      ]
    },
    {
      "module": "module.vpc",
      "mode": "managed",
      "type": "aws_route_table_association",
      "name": "public",
      "provider": "provider[\"registry.terraform.io/hashicorp/aws\"]",
      "instances": [
        {
          "index_key": 0,
          "schema_version": 0,
          "attributes": {
            "gateway_id": null,
            "id": "rtbassoc-07439b10a10d831c4",
            "route_table_id": "rtb-0adc60578dd547892",
            "subnet_id": "subnet-0289ba5f87b34530c"
          },
          "private": "bnVsbA==",
          "dependencies": [
            "data.aws_availability_zones.available",
            "module.vpc.aws_route_table.public",
            "module.vpc.aws_subnet.public",
            "module.vpc.aws_vpc.this",
            "module.vpc.aws_vpc_ipv4_cidr_block_association.this",
            "random_string.suffix"
          ]
        },
        {
          "index_key": 1,
          "schema_version": 0,
          "attributes": {
            "gateway_id": null,
            "id": "rtbassoc-0bf6bb331b4fdcc77",
            "route_table_id": "rtb-0adc60578dd547892",
            "subnet_id": "subnet-09fa70bfcc50481d1"
          },
          "private": "bnVsbA==",
          "dependencies": [
            "data.aws_availability_zones.available",
            "module.vpc.aws_route_table.public",
            "module.vpc.aws_subnet.public",
            "module.vpc.aws_vpc.this",
            "module.vpc.aws_vpc_ipv4_cidr_block_association.this",
            "random_string.suffix"
          ]
        },
        {
          "index_key": 2,
          "schema_version": 0,
          "attributes": {
            "gateway_id": null,
            "id": "rtbassoc-0eda7c52195146d48",
            "route_table_id": "rtb-0adc60578dd547892",
            "subnet_id": "subnet-0af1d04aedd69631d"
          },
          "private": "bnVsbA==",
          "dependencies": [
            "data.aws_availability_zones.available",
            "module.vpc.aws_route_table.public",
            "module.vpc.aws_subnet.public",
            "module.vpc.aws_vpc.this",
            "module.vpc.aws_vpc_ipv4_cidr_block_association.this",
            "random_string.suffix"
          ]
        }
      ]
    },
    {
      "module": "module.vpc",
      "mode": "managed",
      "type": "aws_subnet",
      "name": "private",
      "provider": "provider[\"registry.terraform.io/hashicorp/aws\"]",
      "instances": [
        {
          "index_key": 0,
          "schema_version": 1,
          "attributes": {
            "arn": "arn:aws:ec2:eu-west-1:195185165412:subnet/subnet-0bf4e97d43366a3c0",
            "assign_ipv6_address_on_creation": false,
            "availability_zone": "eu-west-1a",
            "availability_zone_id": "euw1-az1",
            "cidr_block": "10.0.1.0/24",
            "id": "subnet-0bf4e97d43366a3c0",
            "ipv6_cidr_block": "",
            "ipv6_cidr_block_association_id": "",
            "map_public_ip_on_launch": false,
            "outpost_arn": "",
            "owner_id": "195185165412",
            "tags": {
              "Name": "training-vpc-private-eu-west-1a",
              "kubernetes.io/cluster/training-eks-xEQVsRBO": "shared",
              "kubernetes.io/role/internal-elb": "1"
            },
            "timeouts": null,
            "vpc_id": "vpc-0ff51ad219edf210f"
          },
          "private": "eyJlMmJmYjczMC1lY2FhLTExZTYtOGY4OC0zNDM2M2JjN2M0YzAiOnsiY3JlYXRlIjo2MDAwMDAwMDAwMDAsImRlbGV0ZSI6MTIwMDAwMDAwMDAwMH0sInNjaGVtYV92ZXJzaW9uIjoiMSJ9",
          "dependencies": [
            "data.aws_availability_zones.available",
            "module.vpc.aws_vpc.this",
            "module.vpc.aws_vpc_ipv4_cidr_block_association.this",
            "random_string.suffix"
          ],
          "create_before_destroy": true
        },
        {
          "index_key": 1,
          "schema_version": 1,
          "attributes": {
            "arn": "arn:aws:ec2:eu-west-1:195185165412:subnet/subnet-0f1f71b912aec6dca",
            "assign_ipv6_address_on_creation": false,
            "availability_zone": "eu-west-1b",
            "availability_zone_id": "euw1-az2",
            "cidr_block": "10.0.2.0/24",
            "id": "subnet-0f1f71b912aec6dca",
            "ipv6_cidr_block": "",
            "ipv6_cidr_block_association_id": "",
            "map_public_ip_on_launch": false,
            "outpost_arn": "",
            "owner_id": "195185165412",
            "tags": {
              "Name": "training-vpc-private-eu-west-1b",
              "kubernetes.io/cluster/training-eks-xEQVsRBO": "shared",
              "kubernetes.io/role/internal-elb": "1"
            },
            "timeouts": null,
            "vpc_id": "vpc-0ff51ad219edf210f"
          },
          "private": "eyJlMmJmYjczMC1lY2FhLTExZTYtOGY4OC0zNDM2M2JjN2M0YzAiOnsiY3JlYXRlIjo2MDAwMDAwMDAwMDAsImRlbGV0ZSI6MTIwMDAwMDAwMDAwMH0sInNjaGVtYV92ZXJzaW9uIjoiMSJ9",
          "dependencies": [
            "data.aws_availability_zones.available",
            "module.vpc.aws_vpc.this",
            "module.vpc.aws_vpc_ipv4_cidr_block_association.this",
            "random_string.suffix"
          ],
          "create_before_destroy": true
        },
        {
          "index_key": 2,
          "schema_version": 1,
          "attributes": {
            "arn": "arn:aws:ec2:eu-west-1:195185165412:subnet/subnet-00ca9e1c4f3d5f91b",
            "assign_ipv6_address_on_creation": false,
            "availability_zone": "eu-west-1c",
            "availability_zone_id": "euw1-az3",
            "cidr_block": "10.0.3.0/24",
            "id": "subnet-00ca9e1c4f3d5f91b",
            "ipv6_cidr_block": "",
            "ipv6_cidr_block_association_id": "",
            "map_public_ip_on_launch": false,
            "outpost_arn": "",
            "owner_id": "195185165412",
            "tags": {
              "Name": "training-vpc-private-eu-west-1c",
              "kubernetes.io/cluster/training-eks-xEQVsRBO": "shared",
              "kubernetes.io/role/internal-elb": "1"
            },
            "timeouts": null,
            "vpc_id": "vpc-0ff51ad219edf210f"
          },
          "private": "eyJlMmJmYjczMC1lY2FhLTExZTYtOGY4OC0zNDM2M2JjN2M0YzAiOnsiY3JlYXRlIjo2MDAwMDAwMDAwMDAsImRlbGV0ZSI6MTIwMDAwMDAwMDAwMH0sInNjaGVtYV92ZXJzaW9uIjoiMSJ9",
          "dependencies": [
            "data.aws_availability_zones.available",
            "module.vpc.aws_vpc.this",
            "module.vpc.aws_vpc_ipv4_cidr_block_association.this",
            "random_string.suffix"
          ],
          "create_before_destroy": true
        }
      ]
    },
    {
      "module": "module.vpc",
      "mode": "managed",
      "type": "aws_subnet",
      "name": "public",
      "provider": "provider[\"registry.terraform.io/hashicorp/aws\"]",
      "instances": [
        {
          "index_key": 0,
          "schema_version": 1,
          "attributes": {
            "arn": "arn:aws:ec2:eu-west-1:195185165412:subnet/subnet-0289ba5f87b34530c",
            "assign_ipv6_address_on_creation": false,
            "availability_zone": "eu-west-1a",
            "availability_zone_id": "euw1-az1",
            "cidr_block": "10.0.4.0/24",
            "id": "subnet-0289ba5f87b34530c",
            "ipv6_cidr_block": "",
            "ipv6_cidr_block_association_id": "",
            "map_public_ip_on_launch": true,
            "outpost_arn": "",
            "owner_id": "195185165412",
            "tags": {
              "Name": "training-vpc-public-eu-west-1a",
              "kubernetes.io/cluster/training-eks-xEQVsRBO": "shared",
              "kubernetes.io/role/elb": "1"
            },
            "timeouts": null,
            "vpc_id": "vpc-0ff51ad219edf210f"
          },
          "private": "eyJlMmJmYjczMC1lY2FhLTExZTYtOGY4OC0zNDM2M2JjN2M0YzAiOnsiY3JlYXRlIjo2MDAwMDAwMDAwMDAsImRlbGV0ZSI6MTIwMDAwMDAwMDAwMH0sInNjaGVtYV92ZXJzaW9uIjoiMSJ9",
          "dependencies": [
            "data.aws_availability_zones.available",
            "module.vpc.aws_vpc.this",
            "module.vpc.aws_vpc_ipv4_cidr_block_association.this",
            "random_string.suffix"
          ]
        },
        {
          "index_key": 1,
          "schema_version": 1,
          "attributes": {
            "arn": "arn:aws:ec2:eu-west-1:195185165412:subnet/subnet-09fa70bfcc50481d1",
            "assign_ipv6_address_on_creation": false,
            "availability_zone": "eu-west-1b",
            "availability_zone_id": "euw1-az2",
            "cidr_block": "10.0.5.0/24",
            "id": "subnet-09fa70bfcc50481d1",
            "ipv6_cidr_block": "",
            "ipv6_cidr_block_association_id": "",
            "map_public_ip_on_launch": true,
            "outpost_arn": "",
            "owner_id": "195185165412",
            "tags": {
              "Name": "training-vpc-public-eu-west-1b",
              "kubernetes.io/cluster/training-eks-xEQVsRBO": "shared",
              "kubernetes.io/role/elb": "1"
            },
            "timeouts": null,
            "vpc_id": "vpc-0ff51ad219edf210f"
          },
          "private": "eyJlMmJmYjczMC1lY2FhLTExZTYtOGY4OC0zNDM2M2JjN2M0YzAiOnsiY3JlYXRlIjo2MDAwMDAwMDAwMDAsImRlbGV0ZSI6MTIwMDAwMDAwMDAwMH0sInNjaGVtYV92ZXJzaW9uIjoiMSJ9",
          "dependencies": [
            "data.aws_availability_zones.available",
            "module.vpc.aws_vpc.this",
            "module.vpc.aws_vpc_ipv4_cidr_block_association.this",
            "random_string.suffix"
          ]
        },
        {
          "index_key": 2,
          "schema_version": 1,
          "attributes": {
            "arn": "arn:aws:ec2:eu-west-1:195185165412:subnet/subnet-0af1d04aedd69631d",
            "assign_ipv6_address_on_creation": false,
            "availability_zone": "eu-west-1c",
            "availability_zone_id": "euw1-az3",
            "cidr_block": "10.0.6.0/24",
            "id": "subnet-0af1d04aedd69631d",
            "ipv6_cidr_block": "",
            "ipv6_cidr_block_association_id": "",
            "map_public_ip_on_launch": true,
            "outpost_arn": "",
            "owner_id": "195185165412",
            "tags": {
              "Name": "training-vpc-public-eu-west-1c",
              "kubernetes.io/cluster/training-eks-xEQVsRBO": "shared",
              "kubernetes.io/role/elb": "1"
            },
            "timeouts": null,
            "vpc_id": "vpc-0ff51ad219edf210f"
          },
          "private": "eyJlMmJmYjczMC1lY2FhLTExZTYtOGY4OC0zNDM2M2JjN2M0YzAiOnsiY3JlYXRlIjo2MDAwMDAwMDAwMDAsImRlbGV0ZSI6MTIwMDAwMDAwMDAwMH0sInNjaGVtYV92ZXJzaW9uIjoiMSJ9",
          "dependencies": [
            "data.aws_availability_zones.available",
            "module.vpc.aws_vpc.this",
            "module.vpc.aws_vpc_ipv4_cidr_block_association.this",
            "random_string.suffix"
          ]
        }
      ]
    },
    {
      "module": "module.vpc",
      "mode": "managed",
      "type": "aws_vpc",
      "name": "this",
      "provider": "provider[\"registry.terraform.io/hashicorp/aws\"]",
      "instances": [
        {
          "index_key": 0,
          "schema_version": 1,
          "attributes": {
            "arn": "arn:aws:ec2:eu-west-1:195185165412:vpc/vpc-0ff51ad219edf210f",
            "assign_generated_ipv6_cidr_block": false,
            "cidr_block": "10.0.0.0/16",
            "default_network_acl_id": "acl-00662db1c4c9a5e0a",
            "default_route_table_id": "rtb-0678d1aedc92509b0",
            "default_security_group_id": "sg-04a10fe1da1dc6aa6",
            "dhcp_options_id": "dopt-46acac20",
            "enable_classiclink": false,
            "enable_classiclink_dns_support": false,
            "enable_dns_hostnames": true,
            "enable_dns_support": true,
            "id": "vpc-0ff51ad219edf210f",
            "instance_tenancy": "default",
            "ipv6_association_id": "",
            "ipv6_cidr_block": "",
            "main_route_table_id": "rtb-0678d1aedc92509b0",
            "owner_id": "195185165412",
            "tags": {
              "Name": "training-vpc",
              "kubernetes.io/cluster/training-eks-xEQVsRBO": "shared"
            }
          },
          "private": "eyJzY2hlbWFfdmVyc2lvbiI6IjEifQ==",
          "dependencies": [
            "random_string.suffix"
          ],
          "create_before_destroy": true
        }
      ]
    }
  ]
}
